// !$*UTF8*$!
{
	archiveVersion = 1;
	classes = {
	};
	objectVersion = 46;
	objects = {

/* Begin PBXBuildFile section */
		4A00337B1430216500F6702F /* TBSite.m in Sources */ = {isa = PBXBuildFile; fileRef = 4A00337A1430216500F6702F /* TBSite.m */; };
		4A00337E143028CA00F6702F /* TBPost.m in Sources */ = {isa = PBXBuildFile; fileRef = 4A00337D143028CA00F6702F /* TBPost.m */; };
		4A03890015085F87006C7A0D /* TBConstants.m in Sources */ = {isa = PBXBuildFile; fileRef = 4A9ED52C1507AF83009C5754 /* TBConstants.m */; };
		4A17D451156C769F00789C3D /* Default.tribo in Resources */ = {isa = PBXBuildFile; fileRef = 4A17D450156C769F00789C3D /* Default.tribo */; };
		4A2E6E3C15058D80000397B4 /* TBSFTPPublisher.m in Sources */ = {isa = PBXBuildFile; fileRef = 4A2E6E3B15058D80000397B4 /* TBSFTPPublisher.m */; };
		4A2E6E4015058D8C000397B4 /* TBFTPPublisher.m in Sources */ = {isa = PBXBuildFile; fileRef = 4A2E6E3F15058D8C000397B4 /* TBFTPPublisher.m */; };
		4A2E84CD14FDD969008FE2C4 /* rsync in Resources */ = {isa = PBXBuildFile; fileRef = 4A2E84CC14FDD969008FE2C4 /* rsync */; };
		4A30E87B144B8763001DDBAE /* Credits.rtf in Resources */ = {isa = PBXBuildFile; fileRef = 4A30E879144B86F4001DDBAE /* Credits.rtf */; };
		4A36B99115124DCB00A3D79A /* TBStatusView.m in Sources */ = {isa = PBXBuildFile; fileRef = 4A36B99015124DCB00A3D79A /* TBStatusView.m */; };
		4A3DE5F9176CD1C800C20026 /* libGRMustache6-MacOS.a in Frameworks */ = {isa = PBXBuildFile; fileRef = 4A3DE5F8176CD1C800C20026 /* libGRMustache6-MacOS.a */; };
		4A3DE5FA176CD1C800C20026 /* libGRMustache6-MacOS.a in Frameworks */ = {isa = PBXBuildFile; fileRef = 4A3DE5F8176CD1C800C20026 /* libGRMustache6-MacOS.a */; };
		4A3DE5FE176CF16C00C20026 /* NSDateFormatter+TBAdditions.m in Sources */ = {isa = PBXBuildFile; fileRef = 4A3DE5FD176CF16C00C20026 /* NSDateFormatter+TBAdditions.m */; };
		4A3DE5FF176CF16C00C20026 /* NSDateFormatter+TBAdditions.m in Sources */ = {isa = PBXBuildFile; fileRef = 4A3DE5FD176CF16C00C20026 /* NSDateFormatter+TBAdditions.m */; };
		4A3ED15F145C6FDC00AE9BF3 /* TBTabView.m in Sources */ = {isa = PBXBuildFile; fileRef = 4A3ED15E145C6FDC00AE9BF3 /* TBTabView.m */; };
		4A43019F1518287C003EA175 /* TBNewSiteSheetController.m in Sources */ = {isa = PBXBuildFile; fileRef = 4A43019D1518287C003EA175 /* TBNewSiteSheetController.m */; };
		4A4301A01518287C003EA175 /* TBNewSiteSheet.xib in Resources */ = {isa = PBXBuildFile; fileRef = 4A43019E1518287C003EA175 /* TBNewSiteSheet.xib */; };
		4A43C23514EAB89600D1CC7B /* MainMenu.xib in Resources */ = {isa = PBXBuildFile; fileRef = 4A43C23314EAB89600D1CC7B /* MainMenu.xib */; };
		4A57A566150F8BAA00DACDBC /* TBStatusViewController.m in Sources */ = {isa = PBXBuildFile; fileRef = 4A57A564150F8BAA00DACDBC /* TBStatusViewController.m */; };
		4A57A567150F8BAA00DACDBC /* TBStatusView.xib in Resources */ = {isa = PBXBuildFile; fileRef = 4A57A565150F8BAA00DACDBC /* TBStatusView.xib */; };
		4A6A0D2717B41B2800E5F06D /* TBPage+LiveReload.m in Sources */ = {isa = PBXBuildFile; fileRef = 4AE50F9A14F95ED500FCA39C /* TBPage+LiveReload.m */; };
		4A6DC8EC1430203B00CB5025 /* Foundation.framework in Frameworks */ = {isa = PBXBuildFile; fileRef = 4A6DC8EB1430203B00CB5025 /* Foundation.framework */; };
		4A72F131143686AE00A164E9 /* autolink.c in Sources */ = {isa = PBXBuildFile; fileRef = 4A72F128143686AE00A164E9 /* autolink.c */; };
		4A72F132143686AE00A164E9 /* buffer.c in Sources */ = {isa = PBXBuildFile; fileRef = 4A72F12A143686AE00A164E9 /* buffer.c */; };
		4A72F133143686AE00A164E9 /* markdown.c in Sources */ = {isa = PBXBuildFile; fileRef = 4A72F12D143686AE00A164E9 /* markdown.c */; };
		4A72F134143686AE00A164E9 /* stack.c in Sources */ = {isa = PBXBuildFile; fileRef = 4A72F12F143686AE00A164E9 /* stack.c */; };
		4A72F13C143688D900A164E9 /* houdini_href_e.c in Sources */ = {isa = PBXBuildFile; fileRef = 4A72F137143688D900A164E9 /* houdini_href_e.c */; };
		4A72F13D143688D900A164E9 /* houdini_html_e.c in Sources */ = {isa = PBXBuildFile; fileRef = 4A72F138143688D900A164E9 /* houdini_html_e.c */; };
		4A72F13E143688D900A164E9 /* html.c in Sources */ = {isa = PBXBuildFile; fileRef = 4A72F139143688D900A164E9 /* html.c */; };
		4A72F13F143688D900A164E9 /* html_smartypants.c in Sources */ = {isa = PBXBuildFile; fileRef = 4A72F13B143688D900A164E9 /* html_smartypants.c */; };
		4A72F14214368E1200A164E9 /* TBPage.m in Sources */ = {isa = PBXBuildFile; fileRef = 4A72F14114368E1200A164E9 /* TBPage.m */; };
		4A75580C1436F6630040A10C /* CoreFoundation.framework in Frameworks */ = {isa = PBXBuildFile; fileRef = 4A75580A1436F6590040A10C /* CoreFoundation.framework */; };
		4A75580F1436F6A20040A10C /* Security.framework in Frameworks */ = {isa = PBXBuildFile; fileRef = 4A75580D1436F6820040A10C /* Security.framework */; };
		4A7558121436F8390040A10C /* CoreServices.framework in Frameworks */ = {isa = PBXBuildFile; fileRef = 4A7558101436F82D0040A10C /* CoreServices.framework */; };
		4A7558151436FBAD0040A10C /* ApplicationServices.framework in Frameworks */ = {isa = PBXBuildFile; fileRef = 4A7558131436FBA10040A10C /* ApplicationServices.framework */; };
		4A8696181437B60400204482 /* tribo.m in Sources */ = {isa = PBXBuildFile; fileRef = 4A8696171437B60400204482 /* tribo.m */; };
		4A8696241437BE0B00204482 /* Cocoa.framework in Frameworks */ = {isa = PBXBuildFile; fileRef = 4A8696231437BE0B00204482 /* Cocoa.framework */; };
		4A86964E1437BE3400204482 /* Core.m in Sources */ = {isa = PBXBuildFile; fileRef = 4A8696461437BE3400204482 /* Core.m */; };
		4A8829021437C52200EBBD7E /* TBSite.m in Sources */ = {isa = PBXBuildFile; fileRef = 4A00337A1430216500F6702F /* TBSite.m */; };
		4A8829031437C52200EBBD7E /* TBPost.m in Sources */ = {isa = PBXBuildFile; fileRef = 4A00337D143028CA00F6702F /* TBPost.m */; };
		4A8829041437C52200EBBD7E /* TBPage.m in Sources */ = {isa = PBXBuildFile; fileRef = 4A72F14114368E1200A164E9 /* TBPage.m */; };
		4A8829181437C52200EBBD7E /* houdini_href_e.c in Sources */ = {isa = PBXBuildFile; fileRef = 4A72F137143688D900A164E9 /* houdini_href_e.c */; };
		4A8829191437C52200EBBD7E /* houdini_html_e.c in Sources */ = {isa = PBXBuildFile; fileRef = 4A72F138143688D900A164E9 /* houdini_html_e.c */; };
		4A88291A1437C52200EBBD7E /* html.c in Sources */ = {isa = PBXBuildFile; fileRef = 4A72F139143688D900A164E9 /* html.c */; };
		4A88291B1437C52200EBBD7E /* html_smartypants.c in Sources */ = {isa = PBXBuildFile; fileRef = 4A72F13B143688D900A164E9 /* html_smartypants.c */; };
		4A88291C1437C52200EBBD7E /* autolink.c in Sources */ = {isa = PBXBuildFile; fileRef = 4A72F128143686AE00A164E9 /* autolink.c */; };
		4A88291D1437C52200EBBD7E /* buffer.c in Sources */ = {isa = PBXBuildFile; fileRef = 4A72F12A143686AE00A164E9 /* buffer.c */; };
		4A88291E1437C52200EBBD7E /* markdown.c in Sources */ = {isa = PBXBuildFile; fileRef = 4A72F12D143686AE00A164E9 /* markdown.c */; };
		4A88291F1437C52200EBBD7E /* stack.c in Sources */ = {isa = PBXBuildFile; fileRef = 4A72F12F143686AE00A164E9 /* stack.c */; };
		4A8829211437C53000EBBD7E /* ApplicationServices.framework in Frameworks */ = {isa = PBXBuildFile; fileRef = 4A7558131436FBA10040A10C /* ApplicationServices.framework */; };
		4A8829221437C53000EBBD7E /* CoreServices.framework in Frameworks */ = {isa = PBXBuildFile; fileRef = 4A7558101436F82D0040A10C /* CoreServices.framework */; };
		4A8829231437C53000EBBD7E /* CoreFoundation.framework in Frameworks */ = {isa = PBXBuildFile; fileRef = 4A75580A1436F6590040A10C /* CoreFoundation.framework */; };
		4A8829241437C53000EBBD7E /* Foundation.framework in Frameworks */ = {isa = PBXBuildFile; fileRef = 4A6DC8EB1430203B00CB5025 /* Foundation.framework */; };
		4A8829251437C53000EBBD7E /* Security.framework in Frameworks */ = {isa = PBXBuildFile; fileRef = 4A75580D1436F6820040A10C /* Security.framework */; };
		4A8829561438F56B00EBBD7E /* ScriptingBridge.framework in Frameworks */ = {isa = PBXBuildFile; fileRef = 4A8829541438F55F00EBBD7E /* ScriptingBridge.framework */; };
		4A88296A143A737000EBBD7E /* TBSiteDocument.m in Sources */ = {isa = PBXBuildFile; fileRef = 4A882968143A736E00EBBD7E /* TBSiteDocument.m */; };
		4A88296B143A737000EBBD7E /* TBSiteWindow.xib in Resources */ = {isa = PBXBuildFile; fileRef = 4A882969143A736F00EBBD7E /* TBSiteWindow.xib */; };
		4A99C42917B4091D0023C9A9 /* CZAFileWatcher.m in Sources */ = {isa = PBXBuildFile; fileRef = 4A99C42117B4091D0023C9A9 /* CZAFileWatcher.m */; };
		4A99C43017B40F760023C9A9 /* TBHTTPServer.m in Sources */ = {isa = PBXBuildFile; fileRef = 4AE50F8714F8906400FCA39C /* TBHTTPServer.m */; };
		4A99C43117B40F790023C9A9 /* TBSocketConnection.m in Sources */ = {isa = PBXBuildFile; fileRef = 4AE50F8014F882A300FCA39C /* TBSocketConnection.m */; };
		4A99C43217B40F7B0023C9A9 /* TBWebSocket.m in Sources */ = {isa = PBXBuildFile; fileRef = 4AE50F8414F88A6C00FCA39C /* TBWebSocket.m */; };
		4A99C43417B40F9B0023C9A9 /* CZAFileWatcher.m in Sources */ = {isa = PBXBuildFile; fileRef = 4A99C42117B4091D0023C9A9 /* CZAFileWatcher.m */; };
		4A9ED51F15069CD6009C5754 /* CURLHandle+extras.m in Sources */ = {isa = PBXBuildFile; fileRef = 4A9ED51C15069CD6009C5754 /* CURLHandle+extras.m */; settings = {COMPILER_FLAGS = "-fno-objc-arc"; }; };
		4A9ED52015069CD6009C5754 /* CURLHandle.m in Sources */ = {isa = PBXBuildFile; fileRef = 4A9ED51E15069CD6009C5754 /* CURLHandle.m */; settings = {COMPILER_FLAGS = "-fno-objc-arc"; }; };
		4A9ED52115069CE3009C5754 /* libcurl.dylib in Frameworks */ = {isa = PBXBuildFile; fileRef = 4A9ED51815069CB6009C5754 /* libcurl.dylib */; };
		4A9ED5241506F81E009C5754 /* CURLFTPSession.m in Sources */ = {isa = PBXBuildFile; fileRef = 4A9ED5231506F81E009C5754 /* CURLFTPSession.m */; settings = {COMPILER_FLAGS = "-fno-objc-arc"; }; };
		4A9ED52A1506FAE8009C5754 /* SystemConfiguration.framework in Frameworks */ = {isa = PBXBuildFile; fileRef = 4A9ED5281506FADB009C5754 /* SystemConfiguration.framework */; };
		4A9ED52D1507AF83009C5754 /* TBConstants.m in Sources */ = {isa = PBXBuildFile; fileRef = 4A9ED52C1507AF83009C5754 /* TBConstants.m */; };
		4A9ED52E1507AF83009C5754 /* TBConstants.m in Sources */ = {isa = PBXBuildFile; fileRef = 4A9ED52C1507AF83009C5754 /* TBConstants.m */; };
		4AA86A6B173EF28200046691 /* TBSite+TemplateAdditions.m in Sources */ = {isa = PBXBuildFile; fileRef = 4AA86A6A173EF28200046691 /* TBSite+TemplateAdditions.m */; };
		4AA86A6C173EF28200046691 /* TBSite+TemplateAdditions.m in Sources */ = {isa = PBXBuildFile; fileRef = 4AA86A6A173EF28200046691 /* TBSite+TemplateAdditions.m */; };
		4AA86A6F174124C300046691 /* TBPost+TemplateAdditions.m in Sources */ = {isa = PBXBuildFile; fileRef = 4AA86A6E174124C300046691 /* TBPost+TemplateAdditions.m */; };
		4AA86A70174124C300046691 /* TBPost+TemplateAdditions.m in Sources */ = {isa = PBXBuildFile; fileRef = 4AA86A6E174124C300046691 /* TBPost+TemplateAdditions.m */; };
		4AAC8E461451EFA800AE978A /* TBViewController.m in Sources */ = {isa = PBXBuildFile; fileRef = 4AAC8E421451EF9200AE978A /* TBViewController.m */; };
		4AAC8E4E145286E000AE978A /* TBSiteWindowController.m in Sources */ = {isa = PBXBuildFile; fileRef = 4AAC8E4D145286E000AE978A /* TBSiteWindowController.m */; };
		4AAC8E5D1456609400AE978A /* TBPostsViewController.m in Sources */ = {isa = PBXBuildFile; fileRef = 4AAC8E5C1456609300AE978A /* TBPostsViewController.m */; };
		4AAC8E5F1456617000AE978A /* TBPostsView.xib in Resources */ = {isa = PBXBuildFile; fileRef = 4AAC8E5E1456616F00AE978A /* TBPostsView.xib */; };
		4AB2796015152660009D7F93 /* TBShadowedTextFieldCell.m in Sources */ = {isa = PBXBuildFile; fileRef = 4AB2795F15152660009D7F93 /* TBShadowedTextFieldCell.m */; };
		4AB2796715154796009D7F93 /* TBShadowedButtonCell.m in Sources */ = {isa = PBXBuildFile; fileRef = 4AB2796615154796009D7F93 /* TBShadowedButtonCell.m */; };
		4AB27974151557D7009D7F93 /* Arrow.png in Resources */ = {isa = PBXBuildFile; fileRef = 4AB27970151557D7009D7F93 /* Arrow.png */; };
		4AB27975151557D7009D7F93 /* Arrow@2x.png in Resources */ = {isa = PBXBuildFile; fileRef = 4AB27971151557D7009D7F93 /* Arrow@2x.png */; };
		4AB27976151557D7009D7F93 /* Stop.png in Resources */ = {isa = PBXBuildFile; fileRef = 4AB27972151557D7009D7F93 /* Stop.png */; };
		4AB27977151557D7009D7F93 /* Stop@2x.png in Resources */ = {isa = PBXBuildFile; fileRef = 4AB27973151557D7009D7F93 /* Stop@2x.png */; };
		4ABD6A49143FE466007E2F5D /* TBAddPostSheetController.m in Sources */ = {isa = PBXBuildFile; fileRef = 4ABD6A48143FE466007E2F5D /* TBAddPostSheetController.m */; };
		4ABD6A4C143FE495007E2F5D /* TBAddPostSheet.xib in Resources */ = {isa = PBXBuildFile; fileRef = 4ABD6A4B143FE495007E2F5D /* TBAddPostSheet.xib */; };
		4ABD6A4F1441689B007E2F5D /* TBTableView.m in Sources */ = {isa = PBXBuildFile; fileRef = 4ABD6A4E1441689B007E2F5D /* TBTableView.m */; };
		4ABD6A5114417DBE007E2F5D /* TBQLPreviewView.xib in Resources */ = {isa = PBXBuildFile; fileRef = 4ABD6A5014417DBE007E2F5D /* TBQLPreviewView.xib */; };
		4ABD6A5414417ED9007E2F5D /* Quartz.framework in Frameworks */ = {isa = PBXBuildFile; fileRef = 4ABD6A5214417ECA007E2F5D /* Quartz.framework */; };
		4ADE327C14E21B3A0059D03C /* Tribo.sdef in Resources */ = {isa = PBXBuildFile; fileRef = 4ADE327B14E21B3A0059D03C /* Tribo.sdef */; };
		4ADE327F14E21B510059D03C /* TBSite+Scripting.m in Sources */ = {isa = PBXBuildFile; fileRef = 4ADE327E14E21B510059D03C /* TBSite+Scripting.m */; };
		4ADE328214E21BC60059D03C /* TBPost+Scripting.m in Sources */ = {isa = PBXBuildFile; fileRef = 4ADE328114E21BC60059D03C /* TBPost+Scripting.m */; };
		4ADE328514E21C450059D03C /* TBSiteDocument+Scripting.m in Sources */ = {isa = PBXBuildFile; fileRef = 4ADE328414E21C450059D03C /* TBSiteDocument+Scripting.m */; };
		4AE50F8114F882A300FCA39C /* TBSocketConnection.m in Sources */ = {isa = PBXBuildFile; fileRef = 4AE50F8014F882A300FCA39C /* TBSocketConnection.m */; };
		4AE50F8514F88A6C00FCA39C /* TBWebSocket.m in Sources */ = {isa = PBXBuildFile; fileRef = 4AE50F8414F88A6C00FCA39C /* TBWebSocket.m */; };
		4AE50F8814F8906400FCA39C /* TBHTTPServer.m in Sources */ = {isa = PBXBuildFile; fileRef = 4AE50F8714F8906400FCA39C /* TBHTTPServer.m */; };
		4AE50F9B14F95ED500FCA39C /* TBPage+LiveReload.m in Sources */ = {isa = PBXBuildFile; fileRef = 4AE50F9A14F95ED500FCA39C /* TBPage+LiveReload.m */; };
		4AE50FE014FBD4E100FCA39C /* TBSettingsSheetController.m in Sources */ = {isa = PBXBuildFile; fileRef = 4AE50FDE14FBD4E100FCA39C /* TBSettingsSheetController.m */; };
		4AE50FE114FBD4E100FCA39C /* TBSettingsSheet.xib in Resources */ = {isa = PBXBuildFile; fileRef = 4AE50FDF14FBD4E100FCA39C /* TBSettingsSheet.xib */; };
		4AE91C4E14FEE08200499469 /* Foundation.framework in Frameworks */ = {isa = PBXBuildFile; fileRef = 4A6DC8EB1430203B00CB5025 /* Foundation.framework */; };
		4AE91C5D14FEE0F500499469 /* Authentication Tool.m in Sources */ = {isa = PBXBuildFile; fileRef = 4AE91C5C14FEE0F500499469 /* Authentication Tool.m */; };
		4AE91C5E14FEE15700499469 /* Tribo Authentication Tool in Resources */ = {isa = PBXBuildFile; fileRef = 4AE91C4C14FEE08200499469 /* Tribo Authentication Tool */; };
		4AE91C6114FEE51C00499469 /* Security.framework in Frameworks */ = {isa = PBXBuildFile; fileRef = 4A75580D1436F6820040A10C /* Security.framework */; };
		4AE91C6214FEE83400499469 /* CoreServices.framework in Frameworks */ = {isa = PBXBuildFile; fileRef = 4A7558101436F82D0040A10C /* CoreServices.framework */; };
		4AE91C6614FF044700499469 /* TBPublisher.m in Sources */ = {isa = PBXBuildFile; fileRef = 4AE91C6514FF044700499469 /* TBPublisher.m */; };
		4AE91C7114FF16ED00499469 /* TBPublishSheetController.m in Sources */ = {isa = PBXBuildFile; fileRef = 4AE91C6F14FF16ED00499469 /* TBPublishSheetController.m */; };
		4AE91C7214FF16ED00499469 /* TBPublishSheet.xib in Resources */ = {isa = PBXBuildFile; fileRef = 4AE91C7014FF16ED00499469 /* TBPublishSheet.xib */; };
		4AF2BFED17B88AB6008D67AB /* NSResponder+TBAdditions.m in Sources */ = {isa = PBXBuildFile; fileRef = 4AF2BFEC17B88AB6008D67AB /* NSResponder+TBAdditions.m */; };
		4AF2BFEE17B88AB6008D67AB /* NSResponder+TBAdditions.m in Sources */ = {isa = PBXBuildFile; fileRef = 4AF2BFEC17B88AB6008D67AB /* NSResponder+TBAdditions.m */; };
		4AF9C9D917A4587700709238 /* TBError.m in Sources */ = {isa = PBXBuildFile; fileRef = 4AF9C9D817A4587700709238 /* TBError.m */; };
		4AF9C9DA17A4587700709238 /* TBError.m in Sources */ = {isa = PBXBuildFile; fileRef = 4AF9C9D817A4587700709238 /* TBError.m */; };
		4AF9C9DD17A4831700709238 /* TBError.strings in Resources */ = {isa = PBXBuildFile; fileRef = 4AF9C9DF17A4831700709238 /* TBError.strings */; };
		7B64D73717F4E71400C5019C /* CURLProtocol.m in Sources */ = {isa = PBXBuildFile; fileRef = 4A9ED5261506F82B009C5754 /* CURLProtocol.m */; };
		7B64D79B17F56BE800C5019C /* App.m in Sources */ = {isa = PBXBuildFile; fileRef = 7B64D78217F56BE800C5019C /* App.m */; };
		7B64D79C17F56BE800C5019C /* Dock.m in Sources */ = {isa = PBXBuildFile; fileRef = 7B64D78417F56BE800C5019C /* Dock.m */; };
		7B64D79E17F56BE800C5019C /* Notice.m in Sources */ = {isa = PBXBuildFile; fileRef = 7B64D78817F56BE800C5019C /* Notice.m */; };
		7B64D79F17F56BE800C5019C /* Path.m in Sources */ = {isa = PBXBuildFile; fileRef = 7B64D78A17F56BE800C5019C /* Path.m */; };
		7B64D7A117F56BE800C5019C /* ContentView.m in Sources */ = {isa = PBXBuildFile; fileRef = 7B64D78E17F56BE800C5019C /* ContentView.m */; };
		7B64D7A217F56BE800C5019C /* JSEventHelper.m in Sources */ = {isa = PBXBuildFile; fileRef = 7B64D79017F56BE800C5019C /* JSEventHelper.m */; };
		7B64D7A317F56BE800C5019C /* Utils.m in Sources */ = {isa = PBXBuildFile; fileRef = 7B64D79217F56BE800C5019C /* Utils.m */; };
		7B64D7A417F56BE800C5019C /* WebViewDelegate.m in Sources */ = {isa = PBXBuildFile; fileRef = 7B64D79417F56BE800C5019C /* WebViewDelegate.m */; };
		7B64D7A517F56BE800C5019C /* Window.m in Sources */ = {isa = PBXBuildFile; fileRef = 7B64D79617F56BE800C5019C /* Window.m */; };
		7B64D7A617F56BE800C5019C /* AppDelegate.m in Sources */ = {isa = PBXBuildFile; fileRef = 7B64D79717F56BE800C5019C /* AppDelegate.m */; };
		7B64D7A717F56BE800C5019C /* WindowController.m in Sources */ = {isa = PBXBuildFile; fileRef = 7B64D79A17F56BE800C5019C /* WindowController.m */; };
		7B7C613C17F3D07300093381 /* AZWebPreviewViewController.m in Sources */ = {isa = PBXBuildFile; fileRef = 7B7C613A17F3D07300093381 /* AZWebPreviewViewController.m */; };
		7B7C613D17F3D07300093381 /* AZWebPreviewView.xib in Resources */ = {isa = PBXBuildFile; fileRef = 7B7C613B17F3D07300093381 /* AZWebPreviewView.xib */; };
		7B7C669717F402AD00093381 /* ACEView.framework in Frameworks */ = {isa = PBXBuildFile; fileRef = 7B7C668F17F4020A00093381 /* ACEView.framework */; };
		7BB6161217F478DE0091DDB6 /* ACEView.framework in CopyFiles */ = {isa = PBXBuildFile; fileRef = 7B7C668F17F4020A00093381 /* ACEView.framework */; };
		7BB6161917F4DFC30091DDB6 /* AZWelcomeWindowController.m in Sources */ = {isa = PBXBuildFile; fileRef = 7BB6161717F4DFC30091DDB6 /* AZWelcomeWindowController.m */; };
		7BB6161A17F4DFC30091DDB6 /* AZWelcomeWindow.xib in Resources */ = {isa = PBXBuildFile; fileRef = 7BB6161817F4DFC30091DDB6 /* AZWelcomeWindow.xib */; };
		7BB6161D17F4E3160091DDB6 /* AtoZ.framework in Frameworks */ = {isa = PBXBuildFile; fileRef = 7BB6161C17F4E3160091DDB6 /* AtoZ.framework */; };
		9B6B669714F3480800759DC3 /* TBTemplatesViewController.m in Sources */ = {isa = PBXBuildFile; fileRef = 9B6B669514F3480800759DC3 /* TBTemplatesViewController.m */; };
		9B6B669814F3480800759DC3 /* TBTemplatesView.xib in Resources */ = {isa = PBXBuildFile; fileRef = 9B6B669614F3480800759DC3 /* TBTemplatesView.xib */; };
		9B6B669C14F3546900759DC3 /* TBAsset.m in Sources */ = {isa = PBXBuildFile; fileRef = 9B6B669B14F3546900759DC3 /* TBAsset.m */; };
		9B6B669D14F3546C00759DC3 /* TBAsset.m in Sources */ = {isa = PBXBuildFile; fileRef = 9B6B669B14F3546900759DC3 /* TBAsset.m */; };
		9BEF1C7A14F5CFCF0072B295 /* TBSourceViewControllerViewController.m in Sources */ = {isa = PBXBuildFile; fileRef = 9BEF1C7814F5CFCF0072B295 /* TBSourceViewControllerViewController.m */; };
		9BEF1C7B14F5CFCF0072B295 /* TBSourceViewControllerView.xib in Resources */ = {isa = PBXBuildFile; fileRef = 9BEF1C7914F5CFCF0072B295 /* TBSourceViewControllerView.xib */; };
/* End PBXBuildFile section */

/* Begin PBXContainerItemProxy section */
		4AE91C5F14FEE15F00499469 /* PBXContainerItemProxy */ = {
			isa = PBXContainerItemProxy;
			containerPortal = 4A6DC8DE1430203B00CB5025 /* Project object */;
			proxyType = 1;
			remoteGlobalIDString = 4AE91C4B14FEE08200499469;
			remoteInfo = "Authentication Tool";
		};
		7B7C668E17F4020A00093381 /* PBXContainerItemProxy */ = {
			isa = PBXContainerItemProxy;
			containerPortal = 7B7C668817F401FE00093381 /* ACEView.xcodeproj */;
			proxyType = 2;
			remoteGlobalIDString = 7C8A728C15EA0769007E5EB8;
			remoteInfo = ACEView;
		};
		7B7C669017F4020A00093381 /* PBXContainerItemProxy */ = {
			isa = PBXContainerItemProxy;
			containerPortal = 7B7C668817F401FE00093381 /* ACEView.xcodeproj */;
			proxyType = 2;
			remoteGlobalIDString = 7C8A72E015EA0F0E007E5EB8;
			remoteInfo = ACEVIewExample;
		};
		7B7C669217F4020A00093381 /* PBXContainerItemProxy */ = {
			isa = PBXContainerItemProxy;
			containerPortal = 7B7C668817F401FE00093381 /* ACEView.xcodeproj */;
			proxyType = 2;
			remoteGlobalIDString = 36F169E216B9346C00E8965C;
			remoteInfo = ACEViewTests;
		};
		7BB6161317F478E50091DDB6 /* PBXContainerItemProxy */ = {
			isa = PBXContainerItemProxy;
			containerPortal = 7B7C668817F401FE00093381 /* ACEView.xcodeproj */;
			proxyType = 1;
			remoteGlobalIDString = 7C8A728B15EA0769007E5EB8;
			remoteInfo = ACEView;
		};
/* End PBXContainerItemProxy section */

/* Begin PBXCopyFilesBuildPhase section */
		4A6DC8E51430203B00CB5025 /* CopyFiles */ = {
			isa = PBXCopyFilesBuildPhase;
			buildActionMask = 2147483647;
			dstPath = /usr/share/man/man1/;
			dstSubfolderSpec = 0;
			files = (
			);
			runOnlyForDeploymentPostprocessing = 1;
		};
		4AE91C4A14FEE08200499469 /* CopyFiles */ = {
			isa = PBXCopyFilesBuildPhase;
			buildActionMask = 2147483647;
			dstPath = /usr/share/man/man1/;
			dstSubfolderSpec = 0;
			files = (
			);
			runOnlyForDeploymentPostprocessing = 1;
		};
		7B7C669617F4029B00093381 /* CopyFiles */ = {
			isa = PBXCopyFilesBuildPhase;
			buildActionMask = 12;
			dstPath = "";
			dstSubfolderSpec = 10;
			files = (
				7BB6161217F478DE0091DDB6 /* ACEView.framework in CopyFiles */,
			);
			runOnlyForDeploymentPostprocessing = 0;
		};
/* End PBXCopyFilesBuildPhase section */

/* Begin PBXFileReference section */
		4A0033791430216500F6702F /* TBSite.h */ = {isa = PBXFileReference; fileEncoding = 4; lastKnownFileType = sourcecode.c.h; lineEnding = 0; path = TBSite.h; sourceTree = "<group>"; xcLanguageSpecificationIdentifier = xcode.lang.objcpp; };
		4A00337A1430216500F6702F /* TBSite.m */ = {isa = PBXFileReference; fileEncoding = 4; lastKnownFileType = sourcecode.c.objc; lineEnding = 0; path = TBSite.m; sourceTree = "<group>"; xcLanguageSpecificationIdentifier = xcode.lang.objc; };
		4A00337C143028CA00F6702F /* TBPost.h */ = {isa = PBXFileReference; fileEncoding = 4; lastKnownFileType = sourcecode.c.h; lineEnding = 0; path = TBPost.h; sourceTree = "<group>"; xcLanguageSpecificationIdentifier = xcode.lang.objcpp; };
		4A00337D143028CA00F6702F /* TBPost.m */ = {isa = PBXFileReference; fileEncoding = 4; lastKnownFileType = sourcecode.c.objc; lineEnding = 0; path = TBPost.m; sourceTree = "<group>"; xcLanguageSpecificationIdentifier = xcode.lang.objc; };
		4A17D450156C769F00789C3D /* Default.tribo */ = {isa = PBXFileReference; lastKnownFileType = wrapper; path = Default.tribo; sourceTree = SOURCE_ROOT; };
		4A2E6E3A15058D80000397B4 /* TBSFTPPublisher.h */ = {isa = PBXFileReference; fileEncoding = 4; lastKnownFileType = sourcecode.c.h; path = TBSFTPPublisher.h; sourceTree = "<group>"; };
		4A2E6E3B15058D80000397B4 /* TBSFTPPublisher.m */ = {isa = PBXFileReference; fileEncoding = 4; lastKnownFileType = sourcecode.c.objc; path = TBSFTPPublisher.m; sourceTree = "<group>"; };
		4A2E6E3E15058D8C000397B4 /* TBFTPPublisher.h */ = {isa = PBXFileReference; fileEncoding = 4; lastKnownFileType = sourcecode.c.h; path = TBFTPPublisher.h; sourceTree = "<group>"; };
		4A2E6E3F15058D8C000397B4 /* TBFTPPublisher.m */ = {isa = PBXFileReference; fileEncoding = 4; lastKnownFileType = sourcecode.c.objc; path = TBFTPPublisher.m; sourceTree = "<group>"; };
		4A2E84CC14FDD969008FE2C4 /* rsync */ = {isa = PBXFileReference; lastKnownFileType = "compiled.mach-o.executable"; path = rsync; sourceTree = "<group>"; };
		4A30E879144B86F4001DDBAE /* Credits.rtf */ = {isa = PBXFileReference; fileEncoding = 4; lastKnownFileType = text.rtf; path = Credits.rtf; sourceTree = "<group>"; };
		4A36B98F15124DCB00A3D79A /* TBStatusView.h */ = {isa = PBXFileReference; fileEncoding = 4; lastKnownFileType = sourcecode.c.h; path = TBStatusView.h; sourceTree = "<group>"; };
		4A36B99015124DCB00A3D79A /* TBStatusView.m */ = {isa = PBXFileReference; fileEncoding = 4; lastKnownFileType = sourcecode.c.objc; path = TBStatusView.m; sourceTree = "<group>"; };
		4A3DE5F8176CD1C800C20026 /* libGRMustache6-MacOS.a */ = {isa = PBXFileReference; lastKnownFileType = archive.ar; name = "libGRMustache6-MacOS.a"; path = "Dependencies/GRMustache/lib/libGRMustache6-MacOS.a"; sourceTree = SOURCE_ROOT; };
		4A3DE5FC176CF16C00C20026 /* NSDateFormatter+TBAdditions.h */ = {isa = PBXFileReference; fileEncoding = 4; lastKnownFileType = sourcecode.c.h; path = "NSDateFormatter+TBAdditions.h"; sourceTree = "<group>"; };
		4A3DE5FD176CF16C00C20026 /* NSDateFormatter+TBAdditions.m */ = {isa = PBXFileReference; fileEncoding = 4; lastKnownFileType = sourcecode.c.objc; path = "NSDateFormatter+TBAdditions.m"; sourceTree = "<group>"; };
		4A3ED15D145C6FDC00AE9BF3 /* TBTabView.h */ = {isa = PBXFileReference; fileEncoding = 4; lastKnownFileType = sourcecode.c.h; lineEnding = 0; path = TBTabView.h; sourceTree = "<group>"; xcLanguageSpecificationIdentifier = xcode.lang.objcpp; };
		4A3ED15E145C6FDC00AE9BF3 /* TBTabView.m */ = {isa = PBXFileReference; fileEncoding = 4; lastKnownFileType = sourcecode.c.objc; lineEnding = 0; path = TBTabView.m; sourceTree = "<group>"; xcLanguageSpecificationIdentifier = xcode.lang.objc; };
		4A43019C1518287C003EA175 /* TBNewSiteSheetController.h */ = {isa = PBXFileReference; fileEncoding = 4; lastKnownFileType = sourcecode.c.h; path = TBNewSiteSheetController.h; sourceTree = "<group>"; };
		4A43019D1518287C003EA175 /* TBNewSiteSheetController.m */ = {isa = PBXFileReference; fileEncoding = 4; lastKnownFileType = sourcecode.c.objc; path = TBNewSiteSheetController.m; sourceTree = "<group>"; };
		4A43019E1518287C003EA175 /* TBNewSiteSheet.xib */ = {isa = PBXFileReference; fileEncoding = 4; lastKnownFileType = file.xib; path = TBNewSiteSheet.xib; sourceTree = "<group>"; };
		4A43C23414EAB89600D1CC7B /* en */ = {isa = PBXFileReference; lastKnownFileType = file.xib; name = en; path = en.lproj/MainMenu.xib; sourceTree = "<group>"; };
		4A57A563150F8BAA00DACDBC /* TBStatusViewController.h */ = {isa = PBXFileReference; fileEncoding = 4; lastKnownFileType = sourcecode.c.h; path = TBStatusViewController.h; sourceTree = "<group>"; };
		4A57A564150F8BAA00DACDBC /* TBStatusViewController.m */ = {isa = PBXFileReference; fileEncoding = 4; lastKnownFileType = sourcecode.c.objc; path = TBStatusViewController.m; sourceTree = "<group>"; };
		4A57A565150F8BAA00DACDBC /* TBStatusView.xib */ = {isa = PBXFileReference; fileEncoding = 4; lastKnownFileType = file.xib; path = TBStatusView.xib; sourceTree = "<group>"; };
		4A6DC8E71430203B00CB5025 /* tribo */ = {isa = PBXFileReference; explicitFileType = "compiled.mach-o.executable"; includeInIndex = 0; path = tribo; sourceTree = BUILT_PRODUCTS_DIR; };
		4A6DC8EB1430203B00CB5025 /* Foundation.framework */ = {isa = PBXFileReference; lastKnownFileType = wrapper.framework; name = Foundation.framework; path = System/Library/Frameworks/Foundation.framework; sourceTree = SDKROOT; };
		4A72F1221431559F00A164E9 /* GRMustache.h */ = {isa = PBXFileReference; fileEncoding = 4; lastKnownFileType = sourcecode.c.h; name = GRMustache.h; path = Dependencies/GRMustache/include/GRMustache.h; sourceTree = SOURCE_ROOT; };
		4A72F128143686AE00A164E9 /* autolink.c */ = {isa = PBXFileReference; fileEncoding = 4; lastKnownFileType = sourcecode.c.c; name = autolink.c; path = Dependencies/Sundown/src/autolink.c; sourceTree = SOURCE_ROOT; };
		4A72F129143686AE00A164E9 /* autolink.h */ = {isa = PBXFileReference; fileEncoding = 4; lastKnownFileType = sourcecode.c.h; name = autolink.h; path = Dependencies/Sundown/src/autolink.h; sourceTree = SOURCE_ROOT; };
		4A72F12A143686AE00A164E9 /* buffer.c */ = {isa = PBXFileReference; fileEncoding = 4; lastKnownFileType = sourcecode.c.c; name = buffer.c; path = Dependencies/Sundown/src/buffer.c; sourceTree = SOURCE_ROOT; };
		4A72F12B143686AE00A164E9 /* buffer.h */ = {isa = PBXFileReference; fileEncoding = 4; lastKnownFileType = sourcecode.c.h; name = buffer.h; path = Dependencies/Sundown/src/buffer.h; sourceTree = SOURCE_ROOT; };
		4A72F12C143686AE00A164E9 /* html_blocks.h */ = {isa = PBXFileReference; fileEncoding = 4; lastKnownFileType = sourcecode.c.h; name = html_blocks.h; path = Dependencies/Sundown/src/html_blocks.h; sourceTree = SOURCE_ROOT; };
		4A72F12D143686AE00A164E9 /* markdown.c */ = {isa = PBXFileReference; fileEncoding = 4; lastKnownFileType = sourcecode.c.c; name = markdown.c; path = Dependencies/Sundown/src/markdown.c; sourceTree = SOURCE_ROOT; };
		4A72F12E143686AE00A164E9 /* markdown.h */ = {isa = PBXFileReference; fileEncoding = 4; lastKnownFileType = sourcecode.c.h; name = markdown.h; path = Dependencies/Sundown/src/markdown.h; sourceTree = SOURCE_ROOT; };
		4A72F12F143686AE00A164E9 /* stack.c */ = {isa = PBXFileReference; fileEncoding = 4; lastKnownFileType = sourcecode.c.c; name = stack.c; path = Dependencies/Sundown/src/stack.c; sourceTree = SOURCE_ROOT; };
		4A72F130143686AE00A164E9 /* stack.h */ = {isa = PBXFileReference; fileEncoding = 4; lastKnownFileType = sourcecode.c.h; name = stack.h; path = Dependencies/Sundown/src/stack.h; sourceTree = SOURCE_ROOT; };
		4A72F136143688D900A164E9 /* houdini.h */ = {isa = PBXFileReference; fileEncoding = 4; lastKnownFileType = sourcecode.c.h; path = houdini.h; sourceTree = "<group>"; };
		4A72F137143688D900A164E9 /* houdini_href_e.c */ = {isa = PBXFileReference; fileEncoding = 4; lastKnownFileType = sourcecode.c.c; path = houdini_href_e.c; sourceTree = "<group>"; };
		4A72F138143688D900A164E9 /* houdini_html_e.c */ = {isa = PBXFileReference; fileEncoding = 4; lastKnownFileType = sourcecode.c.c; path = houdini_html_e.c; sourceTree = "<group>"; };
		4A72F139143688D900A164E9 /* html.c */ = {isa = PBXFileReference; fileEncoding = 4; lastKnownFileType = sourcecode.c.c; path = html.c; sourceTree = "<group>"; };
		4A72F13A143688D900A164E9 /* html.h */ = {isa = PBXFileReference; fileEncoding = 4; lastKnownFileType = sourcecode.c.h; path = html.h; sourceTree = "<group>"; };
		4A72F13B143688D900A164E9 /* html_smartypants.c */ = {isa = PBXFileReference; fileEncoding = 4; lastKnownFileType = sourcecode.c.c; path = html_smartypants.c; sourceTree = "<group>"; };
		4A72F14014368E1200A164E9 /* TBPage.h */ = {isa = PBXFileReference; fileEncoding = 4; lastKnownFileType = sourcecode.c.h; lineEnding = 0; path = TBPage.h; sourceTree = "<group>"; xcLanguageSpecificationIdentifier = xcode.lang.objcpp; };
		4A72F14114368E1200A164E9 /* TBPage.m */ = {isa = PBXFileReference; fileEncoding = 4; lastKnownFileType = sourcecode.c.objc; lineEnding = 0; path = TBPage.m; sourceTree = "<group>"; xcLanguageSpecificationIdentifier = xcode.lang.objc; };
		4A75580A1436F6590040A10C /* CoreFoundation.framework */ = {isa = PBXFileReference; lastKnownFileType = wrapper.framework; name = CoreFoundation.framework; path = System/Library/Frameworks/CoreFoundation.framework; sourceTree = SDKROOT; };
		4A75580D1436F6820040A10C /* Security.framework */ = {isa = PBXFileReference; lastKnownFileType = wrapper.framework; name = Security.framework; path = System/Library/Frameworks/Security.framework; sourceTree = SDKROOT; };
		4A7558101436F82D0040A10C /* CoreServices.framework */ = {isa = PBXFileReference; lastKnownFileType = wrapper.framework; name = CoreServices.framework; path = System/Library/Frameworks/CoreServices.framework; sourceTree = SDKROOT; };
		4A7558131436FBA10040A10C /* ApplicationServices.framework */ = {isa = PBXFileReference; lastKnownFileType = wrapper.framework; name = ApplicationServices.framework; path = System/Library/Frameworks/ApplicationServices.framework; sourceTree = SDKROOT; };
		4A78DAAC17AA146E00C40AFF /* TBMacros.h */ = {isa = PBXFileReference; fileEncoding = 4; lastKnownFileType = sourcecode.c.h; name = TBMacros.h; path = Shared/TBMacros.h; sourceTree = SOURCE_ROOT; };
		4A8696161437B60400204482 /* CLI-Prefix.pch */ = {isa = PBXFileReference; fileEncoding = 4; lastKnownFileType = sourcecode.c.h; path = "CLI-Prefix.pch"; sourceTree = "<group>"; };
		4A8696171437B60400204482 /* tribo.m */ = {isa = PBXFileReference; fileEncoding = 4; lastKnownFileType = sourcecode.c.objc; lineEnding = 0; path = tribo.m; sourceTree = "<group>"; xcLanguageSpecificationIdentifier = xcode.lang.objc; };
		4A8696211437BE0B00204482 /* Tribo.app */ = {isa = PBXFileReference; explicitFileType = wrapper.application; includeInIndex = 0; path = Tribo.app; sourceTree = BUILT_PRODUCTS_DIR; };
		4A8696231437BE0B00204482 /* Cocoa.framework */ = {isa = PBXFileReference; lastKnownFileType = wrapper.framework; name = Cocoa.framework; path = System/Library/Frameworks/Cocoa.framework; sourceTree = SDKROOT; };
		4A8696461437BE3400204482 /* Core.m */ = {isa = PBXFileReference; fileEncoding = 4; lastKnownFileType = sourcecode.c.objc; lineEnding = 0; path = Core.m; sourceTree = "<group>"; xcLanguageSpecificationIdentifier = xcode.lang.objc; };
		4A8696491437BE3400204482 /* Info.plist */ = {isa = PBXFileReference; fileEncoding = 4; lastKnownFileType = text.plist.xml; path = Info.plist; sourceTree = "<group>"; };
		4A86964A1437BE3400204482 /* Prefix.pch */ = {isa = PBXFileReference; fileEncoding = 4; lastKnownFileType = sourcecode.c.h; path = Prefix.pch; sourceTree = "<group>"; };
		4A8829541438F55F00EBBD7E /* ScriptingBridge.framework */ = {isa = PBXFileReference; lastKnownFileType = wrapper.framework; name = ScriptingBridge.framework; path = System/Library/Frameworks/ScriptingBridge.framework; sourceTree = SDKROOT; };
		4A882967143A736E00EBBD7E /* TBSiteDocument.h */ = {isa = PBXFileReference; fileEncoding = 4; lastKnownFileType = sourcecode.c.h; lineEnding = 0; path = TBSiteDocument.h; sourceTree = "<group>"; xcLanguageSpecificationIdentifier = xcode.lang.objcpp; };
		4A882968143A736E00EBBD7E /* TBSiteDocument.m */ = {isa = PBXFileReference; fileEncoding = 4; lastKnownFileType = sourcecode.c.objc; lineEnding = 0; path = TBSiteDocument.m; sourceTree = "<group>"; xcLanguageSpecificationIdentifier = xcode.lang.objc; };
		4A882969143A736F00EBBD7E /* TBSiteWindow.xib */ = {isa = PBXFileReference; fileEncoding = 4; lastKnownFileType = file.xib; name = TBSiteWindow.xib; path = Controllers/TBSiteWindow.xib; sourceTree = "<group>"; };
		4A99C42017B4091D0023C9A9 /* CZAFileWatcher.h */ = {isa = PBXFileReference; fileEncoding = 4; lastKnownFileType = sourcecode.c.h; path = CZAFileWatcher.h; sourceTree = "<group>"; };
		4A99C42117B4091D0023C9A9 /* CZAFileWatcher.m */ = {isa = PBXFileReference; fileEncoding = 4; lastKnownFileType = sourcecode.c.objc; path = CZAFileWatcher.m; sourceTree = "<group>"; };
		4A9ED51815069CB6009C5754 /* libcurl.dylib */ = {isa = PBXFileReference; lastKnownFileType = "compiled.mach-o.dylib"; name = libcurl.dylib; path = usr/lib/libcurl.dylib; sourceTree = SDKROOT; };
		4A9ED51B15069CD6009C5754 /* CURLHandle+extras.h */ = {isa = PBXFileReference; fileEncoding = 4; lastKnownFileType = sourcecode.c.h; path = "CURLHandle+extras.h"; sourceTree = "<group>"; };
		4A9ED51C15069CD6009C5754 /* CURLHandle+extras.m */ = {isa = PBXFileReference; fileEncoding = 4; lastKnownFileType = sourcecode.c.objc; path = "CURLHandle+extras.m"; sourceTree = "<group>"; };
		4A9ED51D15069CD6009C5754 /* CURLHandle.h */ = {isa = PBXFileReference; fileEncoding = 4; lastKnownFileType = sourcecode.c.h; path = CURLHandle.h; sourceTree = "<group>"; };
		4A9ED51E15069CD6009C5754 /* CURLHandle.m */ = {isa = PBXFileReference; fileEncoding = 4; lastKnownFileType = sourcecode.c.objc; path = CURLHandle.m; sourceTree = "<group>"; };
		4A9ED5221506F81E009C5754 /* CURLFTPSession.h */ = {isa = PBXFileReference; fileEncoding = 4; lastKnownFileType = sourcecode.c.h; path = CURLFTPSession.h; sourceTree = "<group>"; };
		4A9ED5231506F81E009C5754 /* CURLFTPSession.m */ = {isa = PBXFileReference; fileEncoding = 4; lastKnownFileType = sourcecode.c.objc; path = CURLFTPSession.m; sourceTree = "<group>"; };
		4A9ED5251506F82B009C5754 /* CURLProtocol.h */ = {isa = PBXFileReference; fileEncoding = 4; lastKnownFileType = sourcecode.c.h; path = CURLProtocol.h; sourceTree = "<group>"; };
		4A9ED5261506F82B009C5754 /* CURLProtocol.m */ = {isa = PBXFileReference; fileEncoding = 4; lastKnownFileType = sourcecode.c.objc; path = CURLProtocol.m; sourceTree = "<group>"; };
		4A9ED5281506FADB009C5754 /* SystemConfiguration.framework */ = {isa = PBXFileReference; lastKnownFileType = wrapper.framework; name = SystemConfiguration.framework; path = System/Library/Frameworks/SystemConfiguration.framework; sourceTree = SDKROOT; };
		4A9ED52B1507AF83009C5754 /* TBConstants.h */ = {isa = PBXFileReference; fileEncoding = 4; lastKnownFileType = sourcecode.c.h; path = TBConstants.h; sourceTree = "<group>"; };
		4A9ED52C1507AF83009C5754 /* TBConstants.m */ = {isa = PBXFileReference; fileEncoding = 4; lastKnownFileType = sourcecode.c.objc; path = TBConstants.m; sourceTree = "<group>"; };
		4AA29D0114E42ED5005E341F /* Tribo.entitlements */ = {isa = PBXFileReference; lastKnownFileType = text.xml; path = Tribo.entitlements; sourceTree = "<group>"; };
		4AA86A69173EF28200046691 /* TBSite+TemplateAdditions.h */ = {isa = PBXFileReference; fileEncoding = 4; lastKnownFileType = sourcecode.c.h; path = "TBSite+TemplateAdditions.h"; sourceTree = "<group>"; };
		4AA86A6A173EF28200046691 /* TBSite+TemplateAdditions.m */ = {isa = PBXFileReference; fileEncoding = 4; lastKnownFileType = sourcecode.c.objc; path = "TBSite+TemplateAdditions.m"; sourceTree = "<group>"; };
		4AA86A6D174124C300046691 /* TBPost+TemplateAdditions.h */ = {isa = PBXFileReference; fileEncoding = 4; lastKnownFileType = sourcecode.c.h; path = "TBPost+TemplateAdditions.h"; sourceTree = "<group>"; };
		4AA86A6E174124C300046691 /* TBPost+TemplateAdditions.m */ = {isa = PBXFileReference; fileEncoding = 4; lastKnownFileType = sourcecode.c.objc; path = "TBPost+TemplateAdditions.m"; sourceTree = "<group>"; };
		4AAC8E411451EF9200AE978A /* TBViewController.h */ = {isa = PBXFileReference; fileEncoding = 4; lastKnownFileType = sourcecode.c.h; lineEnding = 0; path = TBViewController.h; sourceTree = "<group>"; xcLanguageSpecificationIdentifier = xcode.lang.objcpp; };
		4AAC8E421451EF9200AE978A /* TBViewController.m */ = {isa = PBXFileReference; fileEncoding = 4; lastKnownFileType = sourcecode.c.objc; lineEnding = 0; path = TBViewController.m; sourceTree = "<group>"; xcLanguageSpecificationIdentifier = xcode.lang.objc; };
		4AAC8E4C145286E000AE978A /* TBSiteWindowController.h */ = {isa = PBXFileReference; fileEncoding = 4; lastKnownFileType = sourcecode.c.h; lineEnding = 0; name = TBSiteWindowController.h; path = Controllers/TBSiteWindowController.h; sourceTree = "<group>"; xcLanguageSpecificationIdentifier = xcode.lang.objcpp; };
		4AAC8E4D145286E000AE978A /* TBSiteWindowController.m */ = {isa = PBXFileReference; fileEncoding = 4; lastKnownFileType = sourcecode.c.objc; lineEnding = 0; name = TBSiteWindowController.m; path = Controllers/TBSiteWindowController.m; sourceTree = "<group>"; xcLanguageSpecificationIdentifier = xcode.lang.objc; };
		4AAC8E5B1456609300AE978A /* TBPostsViewController.h */ = {isa = PBXFileReference; fileEncoding = 4; lastKnownFileType = sourcecode.c.h; lineEnding = 0; name = TBPostsViewController.h; path = Controllers/TBPostsViewController.h; sourceTree = "<group>"; xcLanguageSpecificationIdentifier = xcode.lang.objcpp; };
		4AAC8E5C1456609300AE978A /* TBPostsViewController.m */ = {isa = PBXFileReference; fileEncoding = 4; lastKnownFileType = sourcecode.c.objc; lineEnding = 0; name = TBPostsViewController.m; path = Controllers/TBPostsViewController.m; sourceTree = "<group>"; xcLanguageSpecificationIdentifier = xcode.lang.objc; };
		4AAC8E5E1456616F00AE978A /* TBPostsView.xib */ = {isa = PBXFileReference; fileEncoding = 4; lastKnownFileType = file.xib; name = TBPostsView.xib; path = Controllers/TBPostsView.xib; sourceTree = "<group>"; };
		4AB2795E15152660009D7F93 /* TBShadowedTextFieldCell.h */ = {isa = PBXFileReference; fileEncoding = 4; lastKnownFileType = sourcecode.c.h; path = TBShadowedTextFieldCell.h; sourceTree = "<group>"; };
		4AB2795F15152660009D7F93 /* TBShadowedTextFieldCell.m */ = {isa = PBXFileReference; fileEncoding = 4; lastKnownFileType = sourcecode.c.objc; path = TBShadowedTextFieldCell.m; sourceTree = "<group>"; };
		4AB2796515154796009D7F93 /* TBShadowedButtonCell.h */ = {isa = PBXFileReference; fileEncoding = 4; lastKnownFileType = sourcecode.c.h; path = TBShadowedButtonCell.h; sourceTree = "<group>"; };
		4AB2796615154796009D7F93 /* TBShadowedButtonCell.m */ = {isa = PBXFileReference; fileEncoding = 4; lastKnownFileType = sourcecode.c.objc; path = TBShadowedButtonCell.m; sourceTree = "<group>"; };
		4AB27970151557D7009D7F93 /* Arrow.png */ = {isa = PBXFileReference; lastKnownFileType = image.png; path = Arrow.png; sourceTree = "<group>"; };
		4AB27971151557D7009D7F93 /* Arrow@2x.png */ = {isa = PBXFileReference; lastKnownFileType = image.png; path = "Arrow@2x.png"; sourceTree = "<group>"; };
		4AB27972151557D7009D7F93 /* Stop.png */ = {isa = PBXFileReference; lastKnownFileType = image.png; path = Stop.png; sourceTree = "<group>"; };
		4AB27973151557D7009D7F93 /* Stop@2x.png */ = {isa = PBXFileReference; lastKnownFileType = image.png; path = "Stop@2x.png"; sourceTree = "<group>"; };
		4ABD6A47143FE466007E2F5D /* TBAddPostSheetController.h */ = {isa = PBXFileReference; fileEncoding = 4; lastKnownFileType = sourcecode.c.h; lineEnding = 0; name = TBAddPostSheetController.h; path = Controllers/TBAddPostSheetController.h; sourceTree = "<group>"; xcLanguageSpecificationIdentifier = xcode.lang.objcpp; };
		4ABD6A48143FE466007E2F5D /* TBAddPostSheetController.m */ = {isa = PBXFileReference; fileEncoding = 4; lastKnownFileType = sourcecode.c.objc; lineEnding = 0; name = TBAddPostSheetController.m; path = Controllers/TBAddPostSheetController.m; sourceTree = "<group>"; xcLanguageSpecificationIdentifier = xcode.lang.objc; };
		4ABD6A4B143FE495007E2F5D /* TBAddPostSheet.xib */ = {isa = PBXFileReference; fileEncoding = 4; lastKnownFileType = file.xib; name = TBAddPostSheet.xib; path = Controllers/TBAddPostSheet.xib; sourceTree = "<group>"; };
		4ABD6A4D1441689B007E2F5D /* TBTableView.h */ = {isa = PBXFileReference; fileEncoding = 4; lastKnownFileType = sourcecode.c.h; lineEnding = 0; path = TBTableView.h; sourceTree = "<group>"; xcLanguageSpecificationIdentifier = xcode.lang.objcpp; };
		4ABD6A4E1441689B007E2F5D /* TBTableView.m */ = {isa = PBXFileReference; fileEncoding = 4; lastKnownFileType = sourcecode.c.objc; lineEnding = 0; path = TBTableView.m; sourceTree = "<group>"; xcLanguageSpecificationIdentifier = xcode.lang.objc; };
		4ABD6A5014417DBE007E2F5D /* TBQLPreviewView.xib */ = {isa = PBXFileReference; fileEncoding = 4; lastKnownFileType = file.xib; name = TBQLPreviewView.xib; path = Controllers/TBQLPreviewView.xib; sourceTree = "<group>"; };
		4ABD6A5214417ECA007E2F5D /* Quartz.framework */ = {isa = PBXFileReference; lastKnownFileType = wrapper.framework; name = Quartz.framework; path = System/Library/Frameworks/Quartz.framework; sourceTree = SDKROOT; };
		4ADE327B14E21B3A0059D03C /* Tribo.sdef */ = {isa = PBXFileReference; fileEncoding = 4; lastKnownFileType = text.xml; path = Tribo.sdef; sourceTree = "<group>"; };
		4ADE327D14E21B510059D03C /* TBSite+Scripting.h */ = {isa = PBXFileReference; fileEncoding = 4; lastKnownFileType = sourcecode.c.h; path = "TBSite+Scripting.h"; sourceTree = "<group>"; };
		4ADE327E14E21B510059D03C /* TBSite+Scripting.m */ = {isa = PBXFileReference; fileEncoding = 4; lastKnownFileType = sourcecode.c.objc; path = "TBSite+Scripting.m"; sourceTree = "<group>"; };
		4ADE328014E21BC60059D03C /* TBPost+Scripting.h */ = {isa = PBXFileReference; fileEncoding = 4; lastKnownFileType = sourcecode.c.h; path = "TBPost+Scripting.h"; sourceTree = "<group>"; };
		4ADE328114E21BC60059D03C /* TBPost+Scripting.m */ = {isa = PBXFileReference; fileEncoding = 4; lastKnownFileType = sourcecode.c.objc; path = "TBPost+Scripting.m"; sourceTree = "<group>"; };
		4ADE328314E21C450059D03C /* TBSiteDocument+Scripting.h */ = {isa = PBXFileReference; fileEncoding = 4; lastKnownFileType = sourcecode.c.h; path = "TBSiteDocument+Scripting.h"; sourceTree = "<group>"; };
		4ADE328414E21C450059D03C /* TBSiteDocument+Scripting.m */ = {isa = PBXFileReference; fileEncoding = 4; lastKnownFileType = sourcecode.c.objc; path = "TBSiteDocument+Scripting.m"; sourceTree = "<group>"; };
		4AE50F7F14F882A300FCA39C /* TBSocketConnection.h */ = {isa = PBXFileReference; fileEncoding = 4; lastKnownFileType = sourcecode.c.h; path = TBSocketConnection.h; sourceTree = "<group>"; };
		4AE50F8014F882A300FCA39C /* TBSocketConnection.m */ = {isa = PBXFileReference; fileEncoding = 4; lastKnownFileType = sourcecode.c.objc; path = TBSocketConnection.m; sourceTree = "<group>"; };
		4AE50F8314F88A6C00FCA39C /* TBWebSocket.h */ = {isa = PBXFileReference; fileEncoding = 4; lastKnownFileType = sourcecode.c.h; path = TBWebSocket.h; sourceTree = "<group>"; };
		4AE50F8414F88A6C00FCA39C /* TBWebSocket.m */ = {isa = PBXFileReference; fileEncoding = 4; lastKnownFileType = sourcecode.c.objc; path = TBWebSocket.m; sourceTree = "<group>"; };
		4AE50F8614F8906400FCA39C /* TBHTTPServer.h */ = {isa = PBXFileReference; fileEncoding = 4; lastKnownFileType = sourcecode.c.h; path = TBHTTPServer.h; sourceTree = "<group>"; };
		4AE50F8714F8906400FCA39C /* TBHTTPServer.m */ = {isa = PBXFileReference; fileEncoding = 4; lastKnownFileType = sourcecode.c.objc; path = TBHTTPServer.m; sourceTree = "<group>"; };
		4AE50F9914F95ED500FCA39C /* TBPage+LiveReload.h */ = {isa = PBXFileReference; fileEncoding = 4; lastKnownFileType = sourcecode.c.h; path = "TBPage+LiveReload.h"; sourceTree = "<group>"; };
		4AE50F9A14F95ED500FCA39C /* TBPage+LiveReload.m */ = {isa = PBXFileReference; fileEncoding = 4; lastKnownFileType = sourcecode.c.objc; path = "TBPage+LiveReload.m"; sourceTree = "<group>"; };
		4AE50FDD14FBD4E100FCA39C /* TBSettingsSheetController.h */ = {isa = PBXFileReference; fileEncoding = 4; lastKnownFileType = sourcecode.c.h; path = TBSettingsSheetController.h; sourceTree = "<group>"; };
		4AE50FDE14FBD4E100FCA39C /* TBSettingsSheetController.m */ = {isa = PBXFileReference; fileEncoding = 4; lastKnownFileType = sourcecode.c.objc; path = TBSettingsSheetController.m; sourceTree = "<group>"; };
		4AE50FDF14FBD4E100FCA39C /* TBSettingsSheet.xib */ = {isa = PBXFileReference; fileEncoding = 4; lastKnownFileType = file.xib; path = TBSettingsSheet.xib; sourceTree = "<group>"; };
		4AE91C4C14FEE08200499469 /* Tribo Authentication Tool */ = {isa = PBXFileReference; explicitFileType = "compiled.mach-o.executable"; includeInIndex = 0; path = "Tribo Authentication Tool"; sourceTree = BUILT_PRODUCTS_DIR; };
		4AE91C5C14FEE0F500499469 /* Authentication Tool.m */ = {isa = PBXFileReference; fileEncoding = 4; lastKnownFileType = sourcecode.c.objc; path = "Authentication Tool.m"; sourceTree = "<group>"; };
		4AE91C6414FF044700499469 /* TBPublisher.h */ = {isa = PBXFileReference; fileEncoding = 4; lastKnownFileType = sourcecode.c.h; path = TBPublisher.h; sourceTree = "<group>"; };
		4AE91C6514FF044700499469 /* TBPublisher.m */ = {isa = PBXFileReference; fileEncoding = 4; lastKnownFileType = sourcecode.c.objc; path = TBPublisher.m; sourceTree = "<group>"; };
		4AE91C6E14FF16ED00499469 /* TBPublishSheetController.h */ = {isa = PBXFileReference; fileEncoding = 4; lastKnownFileType = sourcecode.c.h; path = TBPublishSheetController.h; sourceTree = "<group>"; };
		4AE91C6F14FF16ED00499469 /* TBPublishSheetController.m */ = {isa = PBXFileReference; fileEncoding = 4; lastKnownFileType = sourcecode.c.objc; path = TBPublishSheetController.m; sourceTree = "<group>"; };
		4AE91C7014FF16ED00499469 /* TBPublishSheet.xib */ = {isa = PBXFileReference; fileEncoding = 4; lastKnownFileType = file.xib; path = TBPublishSheet.xib; sourceTree = "<group>"; };
		4AF2BFEB17B88AB6008D67AB /* NSResponder+TBAdditions.h */ = {isa = PBXFileReference; fileEncoding = 4; lastKnownFileType = sourcecode.c.h; path = "NSResponder+TBAdditions.h"; sourceTree = "<group>"; };
		4AF2BFEC17B88AB6008D67AB /* NSResponder+TBAdditions.m */ = {isa = PBXFileReference; fileEncoding = 4; lastKnownFileType = sourcecode.c.objc; path = "NSResponder+TBAdditions.m"; sourceTree = "<group>"; };
		4AF9C9D817A4587700709238 /* TBError.m */ = {isa = PBXFileReference; fileEncoding = 4; lastKnownFileType = sourcecode.c.objc; path = TBError.m; sourceTree = "<group>"; };
		4AF9C9DE17A4831700709238 /* en */ = {isa = PBXFileReference; lastKnownFileType = text.plist.strings; name = en; path = en.lproj/TBError.strings; sourceTree = "<group>"; };
		7B64D78117F56BE800C5019C /* App.h */ = {isa = PBXFileReference; fileEncoding = 4; lastKnownFileType = sourcecode.c.h; path = App.h; sourceTree = "<group>"; };
		7B64D78217F56BE800C5019C /* App.m */ = {isa = PBXFileReference; fileEncoding = 4; lastKnownFileType = sourcecode.c.objc; path = App.m; sourceTree = "<group>"; };
		7B64D78317F56BE800C5019C /* Dock.h */ = {isa = PBXFileReference; fileEncoding = 4; lastKnownFileType = sourcecode.c.h; path = Dock.h; sourceTree = "<group>"; };
		7B64D78417F56BE800C5019C /* Dock.m */ = {isa = PBXFileReference; fileEncoding = 4; lastKnownFileType = sourcecode.c.objc; path = Dock.m; sourceTree = "<group>"; };
		7B64D78717F56BE800C5019C /* Notice.h */ = {isa = PBXFileReference; fileEncoding = 4; lastKnownFileType = sourcecode.c.h; path = Notice.h; sourceTree = "<group>"; };
		7B64D78817F56BE800C5019C /* Notice.m */ = {isa = PBXFileReference; fileEncoding = 4; lastKnownFileType = sourcecode.c.objc; path = Notice.m; sourceTree = "<group>"; };
		7B64D78917F56BE800C5019C /* Path.h */ = {isa = PBXFileReference; fileEncoding = 4; lastKnownFileType = sourcecode.c.h; path = Path.h; sourceTree = "<group>"; };
		7B64D78A17F56BE800C5019C /* Path.m */ = {isa = PBXFileReference; fileEncoding = 4; lastKnownFileType = sourcecode.c.objc; path = Path.m; sourceTree = "<group>"; };
		7B64D78B17F56BE800C5019C /* Sound.h */ = {isa = PBXFileReference; fileEncoding = 4; lastKnownFileType = sourcecode.c.h; path = Sound.h; sourceTree = "<group>"; };
		7B64D78C17F56BE800C5019C /* Sound.m */ = {isa = PBXFileReference; fileEncoding = 4; lastKnownFileType = sourcecode.c.objc; path = Sound.m; sourceTree = "<group>"; };
		7B64D78D17F56BE800C5019C /* ContentView.h */ = {isa = PBXFileReference; fileEncoding = 4; lastKnownFileType = sourcecode.c.h; path = ContentView.h; sourceTree = "<group>"; };
		7B64D78E17F56BE800C5019C /* ContentView.m */ = {isa = PBXFileReference; fileEncoding = 4; lastKnownFileType = sourcecode.c.objc; path = ContentView.m; sourceTree = "<group>"; };
		7B64D78F17F56BE800C5019C /* JSEventHelper.h */ = {isa = PBXFileReference; fileEncoding = 4; lastKnownFileType = sourcecode.c.h; path = JSEventHelper.h; sourceTree = "<group>"; };
		7B64D79017F56BE800C5019C /* JSEventHelper.m */ = {isa = PBXFileReference; fileEncoding = 4; lastKnownFileType = sourcecode.c.objc; path = JSEventHelper.m; sourceTree = "<group>"; };
		7B64D79117F56BE800C5019C /* Utils.h */ = {isa = PBXFileReference; fileEncoding = 4; lastKnownFileType = sourcecode.c.h; path = Utils.h; sourceTree = "<group>"; };
		7B64D79217F56BE800C5019C /* Utils.m */ = {isa = PBXFileReference; fileEncoding = 4; lastKnownFileType = sourcecode.c.objc; path = Utils.m; sourceTree = "<group>"; };
		7B64D79317F56BE800C5019C /* WebViewDelegate.h */ = {isa = PBXFileReference; fileEncoding = 4; lastKnownFileType = sourcecode.c.h; path = WebViewDelegate.h; sourceTree = "<group>"; };
		7B64D79417F56BE800C5019C /* WebViewDelegate.m */ = {isa = PBXFileReference; fileEncoding = 4; lastKnownFileType = sourcecode.c.objc; path = WebViewDelegate.m; sourceTree = "<group>"; };
		7B64D79517F56BE800C5019C /* Window.h */ = {isa = PBXFileReference; fileEncoding = 4; lastKnownFileType = sourcecode.c.h; path = Window.h; sourceTree = "<group>"; };
		7B64D79617F56BE800C5019C /* Window.m */ = {isa = PBXFileReference; fileEncoding = 4; lastKnownFileType = sourcecode.c.objc; path = Window.m; sourceTree = "<group>"; };
		7B64D79717F56BE800C5019C /* AppDelegate.m */ = {isa = PBXFileReference; fileEncoding = 4; lastKnownFileType = sourcecode.c.objc; name = AppDelegate.m; path = "Mac App/AppDelegate.m"; sourceTree = "<group>"; };
		7B64D79817F56BE800C5019C /* AppDelegate.h */ = {isa = PBXFileReference; fileEncoding = 4; lastKnownFileType = sourcecode.c.h; name = AppDelegate.h; path = "Mac App/AppDelegate.h"; sourceTree = "<group>"; };
		7B64D79917F56BE800C5019C /* WindowController.h */ = {isa = PBXFileReference; fileEncoding = 4; lastKnownFileType = sourcecode.c.h; name = WindowController.h; path = "Mac App/WindowController.h"; sourceTree = "<group>"; };
		7B64D79A17F56BE800C5019C /* WindowController.m */ = {isa = PBXFileReference; fileEncoding = 4; lastKnownFileType = sourcecode.c.objc; name = WindowController.m; path = "Mac App/WindowController.m"; sourceTree = "<group>"; };
		7B7C613917F3D07300093381 /* AZWebPreviewViewController.h */ = {isa = PBXFileReference; fileEncoding = 4; lastKnownFileType = sourcecode.c.h; name = AZWebPreviewViewController.h; path = Controllers/AZWebPreviewViewController.h; sourceTree = "<group>"; };
		7B7C613A17F3D07300093381 /* AZWebPreviewViewController.m */ = {isa = PBXFileReference; fileEncoding = 4; lastKnownFileType = sourcecode.c.objc; name = AZWebPreviewViewController.m; path = Controllers/AZWebPreviewViewController.m; sourceTree = "<group>"; };
		7B7C613B17F3D07300093381 /* AZWebPreviewView.xib */ = {isa = PBXFileReference; fileEncoding = 4; lastKnownFileType = file.xib; name = AZWebPreviewView.xib; path = Controllers/AZWebPreviewView.xib; sourceTree = "<group>"; };
		7B7C668817F401FE00093381 /* ACEView.xcodeproj */ = {isa = PBXFileReference; lastKnownFileType = "wrapper.pb-project"; name = ACEView.xcodeproj; path = Dependencies/ACEView/ACEView.xcodeproj; sourceTree = SOURCE_ROOT; };
		7BB6161617F4DFC30091DDB6 /* AZWelcomeWindowController.h */ = {isa = PBXFileReference; fileEncoding = 4; lastKnownFileType = sourcecode.c.h; path = AZWelcomeWindowController.h; sourceTree = "<group>"; };
		7BB6161717F4DFC30091DDB6 /* AZWelcomeWindowController.m */ = {isa = PBXFileReference; fileEncoding = 4; lastKnownFileType = sourcecode.c.objc; path = AZWelcomeWindowController.m; sourceTree = "<group>"; };
		7BB6161817F4DFC30091DDB6 /* AZWelcomeWindow.xib */ = {isa = PBXFileReference; fileEncoding = 4; lastKnownFileType = file.xib; path = AZWelcomeWindow.xib; sourceTree = "<group>"; };
		7BB6161C17F4E3160091DDB6 /* AtoZ.framework */ = {isa = PBXFileReference; lastKnownFileType = wrapper.framework; name = AtoZ.framework; path = System/Library/Frameworks/AtoZ.framework; sourceTree = SDKROOT; };
		7BD3F6FC17FFD4BE00E321E3 /* LiveReloadRef.js */ = {isa = PBXFileReference; lastKnownFileType = sourcecode.javascript; path = LiveReloadRef.js; sourceTree = "<group>"; };
		9B507E7A14D7B2B100E85357 /* TBError.h */ = {isa = PBXFileReference; fileEncoding = 4; lastKnownFileType = sourcecode.c.h; path = TBError.h; sourceTree = "<group>"; };
		9B6B669414F3480800759DC3 /* TBTemplatesViewController.h */ = {isa = PBXFileReference; fileEncoding = 4; lastKnownFileType = sourcecode.c.h; path = TBTemplatesViewController.h; sourceTree = "<group>"; };
		9B6B669514F3480800759DC3 /* TBTemplatesViewController.m */ = {isa = PBXFileReference; fileEncoding = 4; lastKnownFileType = sourcecode.c.objc; path = TBTemplatesViewController.m; sourceTree = "<group>"; };
		9B6B669614F3480800759DC3 /* TBTemplatesView.xib */ = {isa = PBXFileReference; fileEncoding = 4; lastKnownFileType = file.xib; path = TBTemplatesView.xib; sourceTree = "<group>"; };
		9B6B669A14F3546900759DC3 /* TBAsset.h */ = {isa = PBXFileReference; fileEncoding = 4; lastKnownFileType = sourcecode.c.h; path = TBAsset.h; sourceTree = "<group>"; };
		9B6B669B14F3546900759DC3 /* TBAsset.m */ = {isa = PBXFileReference; fileEncoding = 4; lastKnownFileType = sourcecode.c.objc; path = TBAsset.m; sourceTree = "<group>"; };
		9BEF1C7714F5CFCF0072B295 /* TBSourceViewControllerViewController.h */ = {isa = PBXFileReference; fileEncoding = 4; lastKnownFileType = sourcecode.c.h; path = TBSourceViewControllerViewController.h; sourceTree = "<group>"; };
		9BEF1C7814F5CFCF0072B295 /* TBSourceViewControllerViewController.m */ = {isa = PBXFileReference; fileEncoding = 4; lastKnownFileType = sourcecode.c.objc; path = TBSourceViewControllerViewController.m; sourceTree = "<group>"; };
		9BEF1C7914F5CFCF0072B295 /* TBSourceViewControllerView.xib */ = {isa = PBXFileReference; fileEncoding = 4; lastKnownFileType = file.xib; path = TBSourceViewControllerView.xib; sourceTree = "<group>"; };
/* End PBXFileReference section */

/* Begin PBXFrameworksBuildPhase section */
		4A6DC8E41430203B00CB5025 /* Frameworks */ = {
			isa = PBXFrameworksBuildPhase;
			buildActionMask = 2147483647;
			files = (
				4A7558151436FBAD0040A10C /* ApplicationServices.framework in Frameworks */,
				4A3DE5F9176CD1C800C20026 /* libGRMustache6-MacOS.a in Frameworks */,
				4A7558121436F8390040A10C /* CoreServices.framework in Frameworks */,
				4A75580C1436F6630040A10C /* CoreFoundation.framework in Frameworks */,
				4A6DC8EC1430203B00CB5025 /* Foundation.framework in Frameworks */,
				4A75580F1436F6A20040A10C /* Security.framework in Frameworks */,
			);
			runOnlyForDeploymentPostprocessing = 0;
		};
		4A86961E1437BE0B00204482 /* Frameworks */ = {
			isa = PBXFrameworksBuildPhase;
			buildActionMask = 2147483647;
			files = (
				7BB6161D17F4E3160091DDB6 /* AtoZ.framework in Frameworks */,
				4A8696241437BE0B00204482 /* Cocoa.framework in Frameworks */,
				4A8829211437C53000EBBD7E /* ApplicationServices.framework in Frameworks */,
				4A9ED52A1506FAE8009C5754 /* SystemConfiguration.framework in Frameworks */,
				4A8829221437C53000EBBD7E /* CoreServices.framework in Frameworks */,
				4A8829231437C53000EBBD7E /* CoreFoundation.framework in Frameworks */,
				4A3DE5FA176CD1C800C20026 /* libGRMustache6-MacOS.a in Frameworks */,
				4ABD6A5414417ED9007E2F5D /* Quartz.framework in Frameworks */,
				4A8829241437C53000EBBD7E /* Foundation.framework in Frameworks */,
				4A8829251437C53000EBBD7E /* Security.framework in Frameworks */,
				4A8829561438F56B00EBBD7E /* ScriptingBridge.framework in Frameworks */,
				7B7C669717F402AD00093381 /* ACEView.framework in Frameworks */,
				4A9ED52115069CE3009C5754 /* libcurl.dylib in Frameworks */,
			);
			runOnlyForDeploymentPostprocessing = 0;
		};
		4AE91C4914FEE08200499469 /* Frameworks */ = {
			isa = PBXFrameworksBuildPhase;
			buildActionMask = 2147483647;
			files = (
				4AE91C6214FEE83400499469 /* CoreServices.framework in Frameworks */,
				4AE91C6114FEE51C00499469 /* Security.framework in Frameworks */,
				4AE91C4E14FEE08200499469 /* Foundation.framework in Frameworks */,
			);
			runOnlyForDeploymentPostprocessing = 0;
		};
/* End PBXFrameworksBuildPhase section */

/* Begin PBXGroup section */
		4A00338E14302F6600F6702F /* Dependencies */ = {
			isa = PBXGroup;
			children = (
				7B7C668817F401FE00093381 /* ACEView.xcodeproj */,
				4A9ED51A15069CD6009C5754 /* CurlHandle */,
				4A99C41E17B4091D0023C9A9 /* CZAFileWatcher */,
				4A72F1271436868B00A164E9 /* Sundown */,
				4A2E84CB14FDD969008FE2C4 /* Rsync */,
				4A72F125143155AE00A164E9 /* GRMustache */,
			);
			name = Dependencies;
			path = Tribo;
			sourceTree = "<group>";
		};
		4A2E84CB14FDD969008FE2C4 /* Rsync */ = {
			isa = PBXGroup;
			children = (
				4A2E84CC14FDD969008FE2C4 /* rsync */,
			);
			name = Rsync;
			path = Dependencies/Rsync;
			sourceTree = SOURCE_ROOT;
		};
		4A3DE5FB176CF11A00C20026 /* System Additions */ = {
			isa = PBXGroup;
			children = (
				4A3DE5FC176CF16C00C20026 /* NSDateFormatter+TBAdditions.h */,
				4A3DE5FD176CF16C00C20026 /* NSDateFormatter+TBAdditions.m */,
				4AF2BFEB17B88AB6008D67AB /* NSResponder+TBAdditions.h */,
				4AF2BFEC17B88AB6008D67AB /* NSResponder+TBAdditions.m */,
			);
			path = "System Additions";
			sourceTree = "<group>";
		};
		4A43019B15182854003EA175 /* TBNewSiteSheet */ = {
			isa = PBXGroup;
			children = (
				4A43019C1518287C003EA175 /* TBNewSiteSheetController.h */,
				4A43019D1518287C003EA175 /* TBNewSiteSheetController.m */,
				4A43019E1518287C003EA175 /* TBNewSiteSheet.xib */,
			);
			name = TBNewSiteSheet;
			sourceTree = "<group>";
		};
		4A43C23014EAB73D00D1CC7B /* Controllers */ = {
			isa = PBXGroup;
			children = (
				4AAC8E411451EF9200AE978A /* TBViewController.h */,
				4AAC8E421451EF9200AE978A /* TBViewController.m */,
				4AEF0C5114A183CD00F0E021 /* TBSiteWindow */,
				4A43019B15182854003EA175 /* TBNewSiteSheet */,
				4A57A568150F8BB000DACDBC /* TBStatusViewController */,
				4AE50FA614F98CB600FCA39C /* TBSettingsSheet */,
				4AEF0C5014A183C200F0E021 /* TBPostsView */,
				4AEF0C5214A183E400F0E021 /* TBAddPostSheet */,
				9BEF1C7514F5CD290072B295 /* TBTemplatesViewController */,
				9BEF1C7C14F5CFD60072B295 /* TBSourceVIewController */,
				4AE91C7314FF16F300499469 /* TBPublishSheet */,
				7B7C613817F3D02D00093381 /* AZWebPreview */,
				7BB6161B17F4DFCA0091DDB6 /* AZWelcomeWindowController */,
			);
			path = Controllers;
			sourceTree = "<group>";
		};
		4A43C23114EAB7B300D1CC7B /* Resources */ = {
			isa = PBXGroup;
			children = (
				4A17D450156C769F00789C3D /* Default.tribo */,
				4AB27970151557D7009D7F93 /* Arrow.png */,
				4AB27971151557D7009D7F93 /* Arrow@2x.png */,
				4AB27972151557D7009D7F93 /* Stop.png */,
				4AB27973151557D7009D7F93 /* Stop@2x.png */,
				4A43C23314EAB89600D1CC7B /* MainMenu.xib */,
				4A30E879144B86F4001DDBAE /* Credits.rtf */,
				4AA29D0114E42ED5005E341F /* Tribo.entitlements */,
				4A8696491437BE3400204482 /* Info.plist */,
			);
			path = Resources;
			sourceTree = "<group>";
		};
		4A43C23214EAB7FB00D1CC7B /* Views */ = {
			isa = PBXGroup;
			children = (
				4A3ED15D145C6FDC00AE9BF3 /* TBTabView.h */,
				4A3ED15E145C6FDC00AE9BF3 /* TBTabView.m */,
				4ABD6A4D1441689B007E2F5D /* TBTableView.h */,
				4ABD6A4E1441689B007E2F5D /* TBTableView.m */,
			);
			path = Views;
			sourceTree = "<group>";
		};
		4A57A568150F8BB000DACDBC /* TBStatusViewController */ = {
			isa = PBXGroup;
			children = (
				4A57A563150F8BAA00DACDBC /* TBStatusViewController.h */,
				4A57A564150F8BAA00DACDBC /* TBStatusViewController.m */,
				4A36B98F15124DCB00A3D79A /* TBStatusView.h */,
				4A36B99015124DCB00A3D79A /* TBStatusView.m */,
				4A57A565150F8BAA00DACDBC /* TBStatusView.xib */,
				4AB2795E15152660009D7F93 /* TBShadowedTextFieldCell.h */,
				4AB2795F15152660009D7F93 /* TBShadowedTextFieldCell.m */,
				4AB2796515154796009D7F93 /* TBShadowedButtonCell.h */,
				4AB2796615154796009D7F93 /* TBShadowedButtonCell.m */,
			);
			name = TBStatusViewController;
			sourceTree = "<group>";
		};
		4A6DC8DC1430203B00CB5025 = {
			isa = PBXGroup;
			children = (
				7B64D77F17F56BE800C5019C /* Classes */,
				7B64D79717F56BE800C5019C /* AppDelegate.m */,
				7B64D79817F56BE800C5019C /* AppDelegate.h */,
				7B64D79917F56BE800C5019C /* WindowController.h */,
				7B64D79A17F56BE800C5019C /* WindowController.m */,
				4A6DC8ED1430203B00CB5025 /* Shared */,
				4AE91C5A14FEE0F500499469 /* Authentication Tool */,
				4A86963F1437BE3400204482 /* Mac App */,
				4A8696151437B60400204482 /* Command Line Interface */,
				4A00338E14302F6600F6702F /* Dependencies */,
				4A6DC8EA1430203B00CB5025 /* Frameworks */,
				4A6DC8E81430203B00CB5025 /* Products */,
			);
			sourceTree = "<group>";
		};
		4A6DC8E81430203B00CB5025 /* Products */ = {
			isa = PBXGroup;
			children = (
				4A6DC8E71430203B00CB5025 /* tribo */,
				4A8696211437BE0B00204482 /* Tribo.app */,
				4AE91C4C14FEE08200499469 /* Tribo Authentication Tool */,
			);
			name = Products;
			sourceTree = "<group>";
		};
		4A6DC8EA1430203B00CB5025 /* Frameworks */ = {
			isa = PBXGroup;
			children = (
				7BB6161C17F4E3160091DDB6 /* AtoZ.framework */,
				4A7558131436FBA10040A10C /* ApplicationServices.framework */,
				4A9ED5281506FADB009C5754 /* SystemConfiguration.framework */,
				4A7558101436F82D0040A10C /* CoreServices.framework */,
				4A75580A1436F6590040A10C /* CoreFoundation.framework */,
				4ABD6A5214417ECA007E2F5D /* Quartz.framework */,
				4A6DC8EB1430203B00CB5025 /* Foundation.framework */,
				4A75580D1436F6820040A10C /* Security.framework */,
				4A8696231437BE0B00204482 /* Cocoa.framework */,
				4A8829541438F55F00EBBD7E /* ScriptingBridge.framework */,
				4A8696251437BE0B00204482 /* Other Frameworks */,
			);
			name = Frameworks;
			sourceTree = "<group>";
		};
		4A6DC8ED1430203B00CB5025 /* Shared */ = {
			isa = PBXGroup;
			children = (
				4A0033791430216500F6702F /* TBSite.h */,
				4A00337A1430216500F6702F /* TBSite.m */,
				4A00337C143028CA00F6702F /* TBPost.h */,
				4A00337D143028CA00F6702F /* TBPost.m */,
				4A72F14014368E1200A164E9 /* TBPage.h */,
				4A72F14114368E1200A164E9 /* TBPage.m */,
				9B6B669A14F3546900759DC3 /* TBAsset.h */,
				9B6B669B14F3546900759DC3 /* TBAsset.m */,
				9B507E7A14D7B2B100E85357 /* TBError.h */,
				4AF9C9D817A4587700709238 /* TBError.m */,
				4AF9C9DF17A4831700709238 /* TBError.strings */,
				4A9ED52B1507AF83009C5754 /* TBConstants.h */,
				4A9ED52C1507AF83009C5754 /* TBConstants.m */,
				4A78DAAC17AA146E00C40AFF /* TBMacros.h */,
				4AA86A68173EF26700046691 /* Template Additions */,
				4A3DE5FB176CF11A00C20026 /* System Additions */,
			);
			path = Shared;
			sourceTree = "<group>";
		};
		4A72F125143155AE00A164E9 /* GRMustache */ = {
			isa = PBXGroup;
			children = (
				4A72F1221431559F00A164E9 /* GRMustache.h */,
				4A3DE5F8176CD1C800C20026 /* libGRMustache6-MacOS.a */,
			);
			name = GRMustache;
			sourceTree = "<group>";
		};
		4A72F1271436868B00A164E9 /* Sundown */ = {
			isa = PBXGroup;
			children = (
				4A72F135143688D900A164E9 /* html */,
				4A72F128143686AE00A164E9 /* autolink.c */,
				4A72F129143686AE00A164E9 /* autolink.h */,
				4A72F12A143686AE00A164E9 /* buffer.c */,
				4A72F12B143686AE00A164E9 /* buffer.h */,
				4A72F12C143686AE00A164E9 /* html_blocks.h */,
				4A72F12D143686AE00A164E9 /* markdown.c */,
				4A72F12E143686AE00A164E9 /* markdown.h */,
				4A72F12F143686AE00A164E9 /* stack.c */,
				4A72F130143686AE00A164E9 /* stack.h */,
			);
			name = Sundown;
			sourceTree = "<group>";
		};
		4A72F135143688D900A164E9 /* html */ = {
			isa = PBXGroup;
			children = (
				4A72F136143688D900A164E9 /* houdini.h */,
				4A72F137143688D900A164E9 /* houdini_href_e.c */,
				4A72F138143688D900A164E9 /* houdini_html_e.c */,
				4A72F139143688D900A164E9 /* html.c */,
				4A72F13A143688D900A164E9 /* html.h */,
				4A72F13B143688D900A164E9 /* html_smartypants.c */,
			);
			name = html;
			path = Dependencies/Sundown/html;
			sourceTree = SOURCE_ROOT;
		};
		4A8696151437B60400204482 /* Command Line Interface */ = {
			isa = PBXGroup;
			children = (
				4A8696161437B60400204482 /* CLI-Prefix.pch */,
				4A8696171437B60400204482 /* tribo.m */,
			);
			path = "Command Line Interface";
			sourceTree = "<group>";
		};
		4A8696251437BE0B00204482 /* Other Frameworks */ = {
			isa = PBXGroup;
			children = (
			);
			name = "Other Frameworks";
			sourceTree = "<group>";
		};
		4A86963F1437BE3400204482 /* Mac App */ = {
			isa = PBXGroup;
			children = (
				4A43C23014EAB73D00D1CC7B /* Controllers */,
				4A43C23114EAB7B300D1CC7B /* Resources */,
				4AE3B29E14E21AE100012A48 /* Scripting */,
				4A43C23214EAB7FB00D1CC7B /* Views */,
				4AE50F8914F8924200FCA39C /* HTTP Server */,
				4AE91C6314FF044700499469 /* Publishing */,
				4A882967143A736E00EBBD7E /* TBSiteDocument.h */,
				4A882968143A736E00EBBD7E /* TBSiteDocument.m */,
				4A8696461437BE3400204482 /* Core.m */,
				4A86964A1437BE3400204482 /* Prefix.pch */,
			);
			path = "Mac App";
			sourceTree = "<group>";
		};
		4A99C41E17B4091D0023C9A9 /* CZAFileWatcher */ = {
			isa = PBXGroup;
			children = (
				4A99C42017B4091D0023C9A9 /* CZAFileWatcher.h */,
				4A99C42117B4091D0023C9A9 /* CZAFileWatcher.m */,
			);
			name = CZAFileWatcher;
			path = Dependencies/CZAFileWatcher;
			sourceTree = SOURCE_ROOT;
		};
		4A9ED51A15069CD6009C5754 /* CurlHandle */ = {
			isa = PBXGroup;
			children = (
				4A9ED5221506F81E009C5754 /* CURLFTPSession.h */,
				4A9ED5231506F81E009C5754 /* CURLFTPSession.m */,
				4A9ED51B15069CD6009C5754 /* CURLHandle+extras.h */,
				4A9ED51C15069CD6009C5754 /* CURLHandle+extras.m */,
				4A9ED51D15069CD6009C5754 /* CURLHandle.h */,
				4A9ED51E15069CD6009C5754 /* CURLHandle.m */,
				4A9ED5251506F82B009C5754 /* CURLProtocol.h */,
				4A9ED5261506F82B009C5754 /* CURLProtocol.m */,
				4A9ED51815069CB6009C5754 /* libcurl.dylib */,
			);
			name = CurlHandle;
			path = Dependencies/CurlHandle/CURLHandleSource;
			sourceTree = SOURCE_ROOT;
		};
		4AA86A68173EF26700046691 /* Template Additions */ = {
			isa = PBXGroup;
			children = (
				4AA86A69173EF28200046691 /* TBSite+TemplateAdditions.h */,
				4AA86A6A173EF28200046691 /* TBSite+TemplateAdditions.m */,
				4AA86A6D174124C300046691 /* TBPost+TemplateAdditions.h */,
				4AA86A6E174124C300046691 /* TBPost+TemplateAdditions.m */,
			);
			path = "Template Additions";
			sourceTree = "<group>";
		};
		4AE3B29E14E21AE100012A48 /* Scripting */ = {
			isa = PBXGroup;
			children = (
				4ADE328014E21BC60059D03C /* TBPost+Scripting.h */,
				4ADE328114E21BC60059D03C /* TBPost+Scripting.m */,
				4ADE327D14E21B510059D03C /* TBSite+Scripting.h */,
				4ADE327E14E21B510059D03C /* TBSite+Scripting.m */,
				4ADE328314E21C450059D03C /* TBSiteDocument+Scripting.h */,
				4ADE328414E21C450059D03C /* TBSiteDocument+Scripting.m */,
				4ADE327B14E21B3A0059D03C /* Tribo.sdef */,
			);
			path = Scripting;
			sourceTree = "<group>";
		};
		4AE50F8914F8924200FCA39C /* HTTP Server */ = {
			isa = PBXGroup;
			children = (
				4AE50F8614F8906400FCA39C /* TBHTTPServer.h */,
				4AE50F8714F8906400FCA39C /* TBHTTPServer.m */,
				4AE50F7F14F882A300FCA39C /* TBSocketConnection.h */,
				4AE50F8014F882A300FCA39C /* TBSocketConnection.m */,
				4AE50F8314F88A6C00FCA39C /* TBWebSocket.h */,
				4AE50F8414F88A6C00FCA39C /* TBWebSocket.m */,
				4AE50F9914F95ED500FCA39C /* TBPage+LiveReload.h */,
				4AE50F9A14F95ED500FCA39C /* TBPage+LiveReload.m */,
				7BD3F6FC17FFD4BE00E321E3 /* LiveReloadRef.js */,
			);
			path = "HTTP Server";
			sourceTree = "<group>";
		};
		4AE50FA614F98CB600FCA39C /* TBSettingsSheet */ = {
			isa = PBXGroup;
			children = (
				4AE50FDD14FBD4E100FCA39C /* TBSettingsSheetController.h */,
				4AE50FDE14FBD4E100FCA39C /* TBSettingsSheetController.m */,
				4AE50FDF14FBD4E100FCA39C /* TBSettingsSheet.xib */,
			);
			name = TBSettingsSheet;
			sourceTree = "<group>";
		};
		4AE91C5A14FEE0F500499469 /* Authentication Tool */ = {
			isa = PBXGroup;
			children = (
				4AE91C5C14FEE0F500499469 /* Authentication Tool.m */,
			);
			path = "Authentication Tool";
			sourceTree = "<group>";
		};
		4AE91C6314FF044700499469 /* Publishing */ = {
			isa = PBXGroup;
			children = (
				4AE91C6414FF044700499469 /* TBPublisher.h */,
				4AE91C6514FF044700499469 /* TBPublisher.m */,
				4A2E6E3E15058D8C000397B4 /* TBFTPPublisher.h */,
				4A2E6E3F15058D8C000397B4 /* TBFTPPublisher.m */,
				4A2E6E3A15058D80000397B4 /* TBSFTPPublisher.h */,
				4A2E6E3B15058D80000397B4 /* TBSFTPPublisher.m */,
			);
			path = Publishing;
			sourceTree = "<group>";
		};
		4AE91C7314FF16F300499469 /* TBPublishSheet */ = {
			isa = PBXGroup;
			children = (
				4AE91C6E14FF16ED00499469 /* TBPublishSheetController.h */,
				4AE91C6F14FF16ED00499469 /* TBPublishSheetController.m */,
				4AE91C7014FF16ED00499469 /* TBPublishSheet.xib */,
			);
			name = TBPublishSheet;
			sourceTree = "<group>";
		};
		4AEF0C5014A183C200F0E021 /* TBPostsView */ = {
			isa = PBXGroup;
			children = (
				4AAC8E5E1456616F00AE978A /* TBPostsView.xib */,
				4AAC8E5B1456609300AE978A /* TBPostsViewController.h */,
				4AAC8E5C1456609300AE978A /* TBPostsViewController.m */,
				4ABD6A5014417DBE007E2F5D /* TBQLPreviewView.xib */,
			);
			name = TBPostsView;
			path = ..;
			sourceTree = "<group>";
		};
		4AEF0C5114A183CD00F0E021 /* TBSiteWindow */ = {
			isa = PBXGroup;
			children = (
				4A882969143A736F00EBBD7E /* TBSiteWindow.xib */,
				4AAC8E4C145286E000AE978A /* TBSiteWindowController.h */,
				4AAC8E4D145286E000AE978A /* TBSiteWindowController.m */,
			);
			name = TBSiteWindow;
			path = ..;
			sourceTree = "<group>";
		};
		4AEF0C5214A183E400F0E021 /* TBAddPostSheet */ = {
			isa = PBXGroup;
			children = (
				4ABD6A47143FE466007E2F5D /* TBAddPostSheetController.h */,
				4ABD6A48143FE466007E2F5D /* TBAddPostSheetController.m */,
				4ABD6A4B143FE495007E2F5D /* TBAddPostSheet.xib */,
			);
			name = TBAddPostSheet;
			path = ..;
			sourceTree = "<group>";
		};
		7B64D77F17F56BE800C5019C /* Classes */ = {
			isa = PBXGroup;
			children = (
				7B64D78017F56BE800C5019C /* Commands */,
				7B64D78D17F56BE800C5019C /* ContentView.h */,
				7B64D78E17F56BE800C5019C /* ContentView.m */,
				7B64D78F17F56BE800C5019C /* JSEventHelper.h */,
				7B64D79017F56BE800C5019C /* JSEventHelper.m */,
				7B64D79117F56BE800C5019C /* Utils.h */,
				7B64D79217F56BE800C5019C /* Utils.m */,
				7B64D79317F56BE800C5019C /* WebViewDelegate.h */,
				7B64D79417F56BE800C5019C /* WebViewDelegate.m */,
				7B64D79517F56BE800C5019C /* Window.h */,
				7B64D79617F56BE800C5019C /* Window.m */,
			);
			name = Classes;
			path = "Mac App/Classes";
			sourceTree = "<group>";
		};
		7B64D78017F56BE800C5019C /* Commands */ = {
			isa = PBXGroup;
			children = (
				7B64D78117F56BE800C5019C /* App.h */,
				7B64D78217F56BE800C5019C /* App.m */,
				7B64D78317F56BE800C5019C /* Dock.h */,
				7B64D78417F56BE800C5019C /* Dock.m */,
				7B64D78717F56BE800C5019C /* Notice.h */,
				7B64D78817F56BE800C5019C /* Notice.m */,
				7B64D78917F56BE800C5019C /* Path.h */,
				7B64D78A17F56BE800C5019C /* Path.m */,
				7B64D78B17F56BE800C5019C /* Sound.h */,
				7B64D78C17F56BE800C5019C /* Sound.m */,
			);
			path = Commands;
			sourceTree = "<group>";
		};
		7B7C613817F3D02D00093381 /* AZWebPreview */ = {
			isa = PBXGroup;
			children = (
				7B7C613917F3D07300093381 /* AZWebPreviewViewController.h */,
				7B7C613A17F3D07300093381 /* AZWebPreviewViewController.m */,
				7B7C613B17F3D07300093381 /* AZWebPreviewView.xib */,
			);
			name = AZWebPreview;
			path = ..;
			sourceTree = "<group>";
		};
		7B7C668917F401FE00093381 /* Products */ = {
			isa = PBXGroup;
			children = (
				7B7C668F17F4020A00093381 /* ACEView.framework */,
				7B7C669117F4020A00093381 /* ACEVIewExample.app */,
				7B7C669317F4020A00093381 /* ACEViewTests.octest */,
			);
			name = Products;
			sourceTree = "<group>";
		};
		7BB6161B17F4DFCA0091DDB6 /* AZWelcomeWindowController */ = {
			isa = PBXGroup;
			children = (
				7BB6161617F4DFC30091DDB6 /* AZWelcomeWindowController.h */,
				7BB6161717F4DFC30091DDB6 /* AZWelcomeWindowController.m */,
				7BB6161817F4DFC30091DDB6 /* AZWelcomeWindow.xib */,
			);
			name = AZWelcomeWindowController;
			sourceTree = "<group>";
		};
		9BEF1C7514F5CD290072B295 /* TBTemplatesViewController */ = {
			isa = PBXGroup;
			children = (
				9B6B669414F3480800759DC3 /* TBTemplatesViewController.h */,
				9B6B669514F3480800759DC3 /* TBTemplatesViewController.m */,
				9B6B669614F3480800759DC3 /* TBTemplatesView.xib */,
			);
			name = TBTemplatesViewController;
			sourceTree = "<group>";
		};
		9BEF1C7C14F5CFD60072B295 /* TBSourceVIewController */ = {
			isa = PBXGroup;
			children = (
				9BEF1C7714F5CFCF0072B295 /* TBSourceViewControllerViewController.h */,
				9BEF1C7814F5CFCF0072B295 /* TBSourceViewControllerViewController.m */,
				9BEF1C7914F5CFCF0072B295 /* TBSourceViewControllerView.xib */,
			);
			name = TBSourceVIewController;
			sourceTree = "<group>";
		};
/* End PBXGroup section */

/* Begin PBXNativeTarget section */
		4A6DC8E61430203B00CB5025 /* CLI */ = {
			isa = PBXNativeTarget;
			buildConfigurationList = 4A6DC8F61430203B00CB5025 /* Build configuration list for PBXNativeTarget "CLI" */;
			buildPhases = (
				4A6DC8E31430203B00CB5025 /* Sources */,
				4A6DC8E41430203B00CB5025 /* Frameworks */,
				4A6DC8E51430203B00CB5025 /* CopyFiles */,
			);
			buildRules = (
			);
			dependencies = (
			);
			name = CLI;
			productName = Tribo;
			productReference = 4A6DC8E71430203B00CB5025 /* tribo */;
			productType = "com.apple.product-type.tool";
		};
		4A8696201437BE0B00204482 /* Tribo */ = {
			isa = PBXNativeTarget;
			buildConfigurationList = 4A86963D1437BE0C00204482 /* Build configuration list for PBXNativeTarget "Tribo" */;
			buildPhases = (
				4A86961D1437BE0B00204482 /* Sources */,
				4A86961E1437BE0B00204482 /* Frameworks */,
				4A86961F1437BE0B00204482 /* Resources */,
				7B7C669617F4029B00093381 /* CopyFiles */,
			);
			buildRules = (
			);
			dependencies = (
				7BB6161417F478E50091DDB6 /* PBXTargetDependency */,
				4AE91C6014FEE15F00499469 /* PBXTargetDependency */,
			);
			name = Tribo;
			productName = Tribo;
			productReference = 4A8696211437BE0B00204482 /* Tribo.app */;
			productType = "com.apple.product-type.application";
		};
		4AE91C4B14FEE08200499469 /* Authentication Tool */ = {
			isa = PBXNativeTarget;
			buildConfigurationList = 4AE91C5814FEE08200499469 /* Build configuration list for PBXNativeTarget "Authentication Tool" */;
			buildPhases = (
				4AE91C4814FEE08200499469 /* Sources */,
				4AE91C4914FEE08200499469 /* Frameworks */,
				4AE91C4A14FEE08200499469 /* CopyFiles */,
			);
			buildRules = (
			);
			dependencies = (
			);
			name = "Authentication Tool";
			productName = "Tribo Authentication Tool";
			productReference = 4AE91C4C14FEE08200499469 /* Tribo Authentication Tool */;
			productType = "com.apple.product-type.tool";
		};
/* End PBXNativeTarget section */

/* Begin PBXProject section */
		4A6DC8DE1430203B00CB5025 /* Project object */ = {
			isa = PBXProject;
			attributes = {
				LastUpgradeCheck = 0500;
				ORGANIZATIONNAME = "Opt-6 Products, LLC";
			};
			buildConfigurationList = 4A6DC8E11430203B00CB5025 /* Build configuration list for PBXProject "Tribo" */;
			compatibilityVersion = "Xcode 3.2";
			developmentRegion = English;
			hasScannedForEncodings = 0;
			knownRegions = (
				en,
			);
			mainGroup = 4A6DC8DC1430203B00CB5025;
			productRefGroup = 4A6DC8E81430203B00CB5025 /* Products */;
			projectDirPath = "";
			projectReferences = (
				{
					ProductGroup = 7B7C668917F401FE00093381 /* Products */;
					ProjectRef = 7B7C668817F401FE00093381 /* ACEView.xcodeproj */;
				},
			);
			projectRoot = "";
			targets = (
				4A6DC8E61430203B00CB5025 /* CLI */,
				4A8696201437BE0B00204482 /* Tribo */,
				4AE91C4B14FEE08200499469 /* Authentication Tool */,
			);
		};
/* End PBXProject section */

/* Begin PBXReferenceProxy section */
		7B7C668F17F4020A00093381 /* ACEView.framework */ = {
			isa = PBXReferenceProxy;
			fileType = wrapper.framework;
			path = ACEView.framework;
			remoteRef = 7B7C668E17F4020A00093381 /* PBXContainerItemProxy */;
			sourceTree = BUILT_PRODUCTS_DIR;
		};
		7B7C669117F4020A00093381 /* ACEVIewExample.app */ = {
			isa = PBXReferenceProxy;
			fileType = wrapper.application;
			path = ACEVIewExample.app;
			remoteRef = 7B7C669017F4020A00093381 /* PBXContainerItemProxy */;
			sourceTree = BUILT_PRODUCTS_DIR;
		};
		7B7C669317F4020A00093381 /* ACEViewTests.octest */ = {
			isa = PBXReferenceProxy;
			fileType = wrapper.cfbundle;
			path = ACEViewTests.octest;
			remoteRef = 7B7C669217F4020A00093381 /* PBXContainerItemProxy */;
			sourceTree = BUILT_PRODUCTS_DIR;
		};
/* End PBXReferenceProxy section */

/* Begin PBXResourcesBuildPhase section */
		4A86961F1437BE0B00204482 /* Resources */ = {
			isa = PBXResourcesBuildPhase;
			buildActionMask = 2147483647;
			files = (
				4AE91C5E14FEE15700499469 /* Tribo Authentication Tool in Resources */,
				4A88296B143A737000EBBD7E /* TBSiteWindow.xib in Resources */,
				4ABD6A4C143FE495007E2F5D /* TBAddPostSheet.xib in Resources */,
				4ABD6A5114417DBE007E2F5D /* TBQLPreviewView.xib in Resources */,
				4A30E87B144B8763001DDBAE /* Credits.rtf in Resources */,
				4AAC8E5F1456617000AE978A /* TBPostsView.xib in Resources */,
				4ADE327C14E21B3A0059D03C /* Tribo.sdef in Resources */,
				4A43C23514EAB89600D1CC7B /* MainMenu.xib in Resources */,
				9B6B669814F3480800759DC3 /* TBTemplatesView.xib in Resources */,
				9BEF1C7B14F5CFCF0072B295 /* TBSourceViewControllerView.xib in Resources */,
				4AE50FE114FBD4E100FCA39C /* TBSettingsSheet.xib in Resources */,
				4A2E84CD14FDD969008FE2C4 /* rsync in Resources */,
				4AE91C7214FF16ED00499469 /* TBPublishSheet.xib in Resources */,
				4A57A567150F8BAA00DACDBC /* TBStatusView.xib in Resources */,
				4AB27974151557D7009D7F93 /* Arrow.png in Resources */,
				7BB6161A17F4DFC30091DDB6 /* AZWelcomeWindow.xib in Resources */,
				4AB27975151557D7009D7F93 /* Arrow@2x.png in Resources */,
				4AB27976151557D7009D7F93 /* Stop.png in Resources */,
				4AF9C9DD17A4831700709238 /* TBError.strings in Resources */,
				4AB27977151557D7009D7F93 /* Stop@2x.png in Resources */,
				4A4301A01518287C003EA175 /* TBNewSiteSheet.xib in Resources */,
				4A17D451156C769F00789C3D /* Default.tribo in Resources */,
				7B7C613D17F3D07300093381 /* AZWebPreviewView.xib in Resources */,
			);
			runOnlyForDeploymentPostprocessing = 0;
		};
/* End PBXResourcesBuildPhase section */

/* Begin PBXSourcesBuildPhase section */
		4A6DC8E31430203B00CB5025 /* Sources */ = {
			isa = PBXSourcesBuildPhase;
			buildActionMask = 2147483647;
			files = (
				4AF9C9D917A4587700709238 /* TBError.m in Sources */,
				4A00337B1430216500F6702F /* TBSite.m in Sources */,
				4A00337E143028CA00F6702F /* TBPost.m in Sources */,
				4A99C43417B40F9B0023C9A9 /* CZAFileWatcher.m in Sources */,
				4A03890015085F87006C7A0D /* TBConstants.m in Sources */,
				4A72F131143686AE00A164E9 /* autolink.c in Sources */,
				4A72F132143686AE00A164E9 /* buffer.c in Sources */,
				4A72F133143686AE00A164E9 /* markdown.c in Sources */,
				4A72F134143686AE00A164E9 /* stack.c in Sources */,
				4A72F13C143688D900A164E9 /* houdini_href_e.c in Sources */,
				4A72F13D143688D900A164E9 /* houdini_html_e.c in Sources */,
				4A6A0D2717B41B2800E5F06D /* TBPage+LiveReload.m in Sources */,
				4A72F13E143688D900A164E9 /* html.c in Sources */,
				4A72F13F143688D900A164E9 /* html_smartypants.c in Sources */,
				4A72F14214368E1200A164E9 /* TBPage.m in Sources */,
				4A99C43117B40F790023C9A9 /* TBSocketConnection.m in Sources */,
				4A99C43017B40F760023C9A9 /* TBHTTPServer.m in Sources */,
				4AF2BFED17B88AB6008D67AB /* NSResponder+TBAdditions.m in Sources */,
				4A99C43217B40F7B0023C9A9 /* TBWebSocket.m in Sources */,
				4A3DE5FE176CF16C00C20026 /* NSDateFormatter+TBAdditions.m in Sources */,
				4A8696181437B60400204482 /* tribo.m in Sources */,
				9B6B669D14F3546C00759DC3 /* TBAsset.m in Sources */,
				4AA86A6B173EF28200046691 /* TBSite+TemplateAdditions.m in Sources */,
				4AA86A6F174124C300046691 /* TBPost+TemplateAdditions.m in Sources */,
			);
			runOnlyForDeploymentPostprocessing = 0;
		};
		4A86961D1437BE0B00204482 /* Sources */ = {
			isa = PBXSourcesBuildPhase;
			buildActionMask = 2147483647;
			files = (
				4A8829021437C52200EBBD7E /* TBSite.m in Sources */,
				4A8829031437C52200EBBD7E /* TBPost.m in Sources */,
				4A8829041437C52200EBBD7E /* TBPage.m in Sources */,
				4A3DE5FF176CF16C00C20026 /* NSDateFormatter+TBAdditions.m in Sources */,
				7B7C613C17F3D07300093381 /* AZWebPreviewViewController.m in Sources */,
				4A8829181437C52200EBBD7E /* houdini_href_e.c in Sources */,
				7B64D79C17F56BE800C5019C /* Dock.m in Sources */,
				4AF9C9DA17A4587700709238 /* TBError.m in Sources */,
				7B64D7A117F56BE800C5019C /* ContentView.m in Sources */,
				4A8829191437C52200EBBD7E /* houdini_html_e.c in Sources */,
				4A88291A1437C52200EBBD7E /* html.c in Sources */,
				4A88291B1437C52200EBBD7E /* html_smartypants.c in Sources */,
				4A88291C1437C52200EBBD7E /* autolink.c in Sources */,
				7BB6161917F4DFC30091DDB6 /* AZWelcomeWindowController.m in Sources */,
				4A88291D1437C52200EBBD7E /* buffer.c in Sources */,
				7B64D7A517F56BE800C5019C /* Window.m in Sources */,
				4A88291E1437C52200EBBD7E /* markdown.c in Sources */,
				4A88291F1437C52200EBBD7E /* stack.c in Sources */,
				4A86964E1437BE3400204482 /* Core.m in Sources */,
				7B64D7A417F56BE800C5019C /* WebViewDelegate.m in Sources */,
				4A88296A143A737000EBBD7E /* TBSiteDocument.m in Sources */,
				4ABD6A49143FE466007E2F5D /* TBAddPostSheetController.m in Sources */,
				4ABD6A4F1441689B007E2F5D /* TBTableView.m in Sources */,
				4AAC8E461451EFA800AE978A /* TBViewController.m in Sources */,
				4AAC8E4E145286E000AE978A /* TBSiteWindowController.m in Sources */,
				4AAC8E5D1456609400AE978A /* TBPostsViewController.m in Sources */,
				4A3ED15F145C6FDC00AE9BF3 /* TBTabView.m in Sources */,
				4ADE327F14E21B510059D03C /* TBSite+Scripting.m in Sources */,
				7B64D7A317F56BE800C5019C /* Utils.m in Sources */,
				4ADE328214E21BC60059D03C /* TBPost+Scripting.m in Sources */,
				7B64D7A217F56BE800C5019C /* JSEventHelper.m in Sources */,
				4ADE328514E21C450059D03C /* TBSiteDocument+Scripting.m in Sources */,
				9B6B669714F3480800759DC3 /* TBTemplatesViewController.m in Sources */,
				7B64D79E17F56BE800C5019C /* Notice.m in Sources */,
				7B64D7A617F56BE800C5019C /* AppDelegate.m in Sources */,
				9B6B669C14F3546900759DC3 /* TBAsset.m in Sources */,
				9BEF1C7A14F5CFCF0072B295 /* TBSourceViewControllerViewController.m in Sources */,
				4AE50F8114F882A300FCA39C /* TBSocketConnection.m in Sources */,
				4AE50F8514F88A6C00FCA39C /* TBWebSocket.m in Sources */,
				4AE50F8814F8906400FCA39C /* TBHTTPServer.m in Sources */,
				7B64D79B17F56BE800C5019C /* App.m in Sources */,
				4AE50F9B14F95ED500FCA39C /* TBPage+LiveReload.m in Sources */,
				4AE50FE014FBD4E100FCA39C /* TBSettingsSheetController.m in Sources */,
				4AE91C6614FF044700499469 /* TBPublisher.m in Sources */,
				4AE91C7114FF16ED00499469 /* TBPublishSheetController.m in Sources */,
				4A2E6E3C15058D80000397B4 /* TBSFTPPublisher.m in Sources */,
				7B64D73717F4E71400C5019C /* CURLProtocol.m in Sources */,
				4A2E6E4015058D8C000397B4 /* TBFTPPublisher.m in Sources */,
				4A9ED51F15069CD6009C5754 /* CURLHandle+extras.m in Sources */,
				4A9ED52015069CD6009C5754 /* CURLHandle.m in Sources */,
				4A9ED5241506F81E009C5754 /* CURLFTPSession.m in Sources */,
				4A9ED52D1507AF83009C5754 /* TBConstants.m in Sources */,
				4A57A566150F8BAA00DACDBC /* TBStatusViewController.m in Sources */,
				7B64D7A717F56BE800C5019C /* WindowController.m in Sources */,
				4A36B99115124DCB00A3D79A /* TBStatusView.m in Sources */,
				4AF2BFEE17B88AB6008D67AB /* NSResponder+TBAdditions.m in Sources */,
				4AB2796015152660009D7F93 /* TBShadowedTextFieldCell.m in Sources */,
				4AB2796715154796009D7F93 /* TBShadowedButtonCell.m in Sources */,
				7B64D79F17F56BE800C5019C /* Path.m in Sources */,
				4A43019F1518287C003EA175 /* TBNewSiteSheetController.m in Sources */,
				4A99C42917B4091D0023C9A9 /* CZAFileWatcher.m in Sources */,
				4AA86A6C173EF28200046691 /* TBSite+TemplateAdditions.m in Sources */,
				4AA86A70174124C300046691 /* TBPost+TemplateAdditions.m in Sources */,
			);
			runOnlyForDeploymentPostprocessing = 0;
		};
		4AE91C4814FEE08200499469 /* Sources */ = {
			isa = PBXSourcesBuildPhase;
			buildActionMask = 2147483647;
			files = (
				4AE91C5D14FEE0F500499469 /* Authentication Tool.m in Sources */,
				4A9ED52E1507AF83009C5754 /* TBConstants.m in Sources */,
			);
			runOnlyForDeploymentPostprocessing = 0;
		};
/* End PBXSourcesBuildPhase section */

/* Begin PBXTargetDependency section */
		4AE91C6014FEE15F00499469 /* PBXTargetDependency */ = {
			isa = PBXTargetDependency;
			target = 4AE91C4B14FEE08200499469 /* Authentication Tool */;
			targetProxy = 4AE91C5F14FEE15F00499469 /* PBXContainerItemProxy */;
		};
		7BB6161417F478E50091DDB6 /* PBXTargetDependency */ = {
			isa = PBXTargetDependency;
			name = ACEView;
			targetProxy = 7BB6161317F478E50091DDB6 /* PBXContainerItemProxy */;
		};
/* End PBXTargetDependency section */

/* Begin PBXVariantGroup section */
		4A43C23314EAB89600D1CC7B /* MainMenu.xib */ = {
			isa = PBXVariantGroup;
			children = (
				4A43C23414EAB89600D1CC7B /* en */,
			);
			name = MainMenu.xib;
			sourceTree = "<group>";
		};
		4AF9C9DF17A4831700709238 /* TBError.strings */ = {
			isa = PBXVariantGroup;
			children = (
				4AF9C9DE17A4831700709238 /* en */,
			);
			name = TBError.strings;
			sourceTree = "<group>";
		};
/* End PBXVariantGroup section */

/* Begin XCBuildConfiguration section */
		4A6DC8F41430203B00CB5025 /* Debug */ = {
			isa = XCBuildConfiguration;
			buildSettings = {
				ALWAYS_SEARCH_USER_PATHS = NO;
				ARCHS = "$(ARCHS_STANDARD)";
				CLANG_ANALYZER_OBJC_UNUSED_IVARS = NO;
				CLANG_ENABLE_MODULES = YES;
				CLANG_ENABLE_OBJC_ARC = YES;
				CLANG_WARN_DEPRECATED_OBJC_IMPLEMENTATIONS = YES;
				CLANG_WARN_OBJC_IMPLICIT_RETAIN_SELF = YES;
				COPY_PHASE_STRIP = NO;
				FRAMEWORK_SEARCH_PATHS = "$(DEVELOPER_FRAMEWORKS_DIR)";
				GCC_C_LANGUAGE_STANDARD = "compiler-default";
				GCC_DYNAMIC_NO_PIC = NO;
				GCC_ENABLE_OBJC_EXCEPTIONS = YES;
				GCC_OPTIMIZATION_LEVEL = 0;
				GCC_PREPROCESSOR_DEFINITIONS = (
					"DEBUG=1",
					"$(inherited)",
				);
				GCC_SYMBOLS_PRIVATE_EXTERN = NO;
				GCC_VERSION = "";
				GCC_WARN_UNDECLARED_SELECTOR = YES;
				GCC_WARN_UNUSED_VALUE = NO;
				HEADER_SEARCH_PATHS = "./Dependencies/**";
				MACOSX_DEPLOYMENT_TARGET = 10.7;
				ONLY_ACTIVE_ARCH = YES;
				RUN_CLANG_STATIC_ANALYZER = YES;
				SDKROOT = macosx;
			};
			name = Debug;
		};
		4A6DC8F51430203B00CB5025 /* Release */ = {
			isa = XCBuildConfiguration;
			buildSettings = {
				ALWAYS_SEARCH_USER_PATHS = NO;
				ARCHS = "$(ARCHS_STANDARD)";
				CLANG_ANALYZER_OBJC_UNUSED_IVARS = NO;
				CLANG_ENABLE_MODULES = YES;
				CLANG_ENABLE_OBJC_ARC = YES;
				CLANG_WARN_DEPRECATED_OBJC_IMPLEMENTATIONS = YES;
				CLANG_WARN_OBJC_IMPLICIT_RETAIN_SELF = YES;
				COPY_PHASE_STRIP = YES;
				DEBUG_INFORMATION_FORMAT = "dwarf-with-dsym";
				FRAMEWORK_SEARCH_PATHS = "$(DEVELOPER_FRAMEWORKS_DIR)";
				GCC_C_LANGUAGE_STANDARD = "compiler-default";
				GCC_ENABLE_OBJC_EXCEPTIONS = YES;
				GCC_VERSION = "";
				GCC_WARN_UNDECLARED_SELECTOR = YES;
				GCC_WARN_UNUSED_VALUE = NO;
				HEADER_SEARCH_PATHS = "./Dependencies/**";
				MACOSX_DEPLOYMENT_TARGET = 10.7;
				ONLY_ACTIVE_ARCH = YES;
				RUN_CLANG_STATIC_ANALYZER = YES;
				SDKROOT = macosx;
			};
			name = Release;
		};
		4A6DC8F71430203B00CB5025 /* Debug */ = {
			isa = XCBuildConfiguration;
			buildSettings = {
				GCC_PRECOMPILE_PREFIX_HEADER = YES;
				GCC_PREFIX_HEADER = "Command Line Interface/CLI-Prefix.pch";
				LIBRARY_SEARCH_PATHS = (
					"$(inherited)",
					"\"$(SRCROOT)/Dependencies/GRMustache/lib\"",
				);
				OTHER_LDFLAGS = (
					"-Wl",
					"-sectcreate",
					__TEXT,
					__info_plist,
					"$SRCROOT/Mac\\ App/Resources/Info.plist",
				);
				PRODUCT_NAME = tribo;
			};
			name = Debug;
		};
		4A6DC8F81430203B00CB5025 /* Release */ = {
			isa = XCBuildConfiguration;
			buildSettings = {
				GCC_PRECOMPILE_PREFIX_HEADER = YES;
				GCC_PREFIX_HEADER = "Command Line Interface/CLI-Prefix.pch";
				LIBRARY_SEARCH_PATHS = (
					"$(inherited)",
					"\"$(SRCROOT)/Dependencies/GRMustache/lib\"",
				);
				OTHER_LDFLAGS = (
					"-Wl",
					"-sectcreate",
					__TEXT,
					__info_plist,
					"$SRCROOT/Mac\\ App/Resources/Info.plist",
				);
				PRODUCT_NAME = tribo;
			};
			name = Release;
		};
		4A86963B1437BE0C00204482 /* Debug */ = {
			isa = XCBuildConfiguration;
			buildSettings = {
				CLANG_WARN_DEPRECATED_OBJC_IMPLEMENTATIONS = NO;
				CODE_SIGN_ENTITLEMENTS = "Mac App/Resources/Tribo.entitlements";
				CODE_SIGN_IDENTITY = "Tribo Open Source Developer";
				COMBINE_HIDPI_IMAGES = YES;
				FRAMEWORK_SEARCH_PATHS = (
					"$(inherited)",
					/Volumes/2T/ServiceData/git/Tribo/Dependencies/ACEView/Build/Products/Release,
					/Library/Frameworks,
				);
				GCC_PRECOMPILE_PREFIX_HEADER = YES;
				GCC_PREFIX_HEADER = "Mac App/Prefix.pch";
				GCC_WARN_UNDECLARED_SELECTOR = YES;
				INFOPLIST_FILE = "Mac App/Resources/Info.plist";
				LD_RUNPATH_SEARCH_PATHS = "@rpath";
				LIBRARY_SEARCH_PATHS = (
					"$(inherited)",
					"\"$(SRCROOT)/Dependencies/GRMustache/lib\"",
				);
				OTHER_LDFLAGS = (
					"-framework",
					ACEView,
					"-framework",
					AtoZ,
					"-framework",
					WebKit,
					"-all_load",
					"-ObjC",
				);
				PRODUCT_NAME = "$(TARGET_NAME)";
				PROVISIONING_PROFILE = "";
				WARNING_CFLAGS = "-Wno-objc-property-no-attribute";
				WRAPPER_EXTENSION = app;
			};
			name = Debug;
		};
		4A86963C1437BE0C00204482 /* Release */ = {
			isa = XCBuildConfiguration;
			buildSettings = {
				CLANG_WARN_DEPRECATED_OBJC_IMPLEMENTATIONS = NO;
				CODE_SIGN_ENTITLEMENTS = "Mac App/Resources/Tribo.entitlements";
				CODE_SIGN_IDENTITY = "Tribo Open Source Developer";
				COMBINE_HIDPI_IMAGES = YES;
				FRAMEWORK_SEARCH_PATHS = (
					"$(inherited)",
					/Volumes/2T/ServiceData/git/Tribo/Dependencies/ACEView/Build/Products/Release,
					/Library/Frameworks,
				);
				GCC_PRECOMPILE_PREFIX_HEADER = YES;
				GCC_PREFIX_HEADER = "Mac App/Prefix.pch";
				GCC_WARN_UNDECLARED_SELECTOR = YES;
				INFOPLIST_FILE = "Mac App/Resources/Info.plist";
				LD_RUNPATH_SEARCH_PATHS = "@rpath";
				LIBRARY_SEARCH_PATHS = (
					"$(inherited)",
					"\"$(SRCROOT)/Dependencies/GRMustache/lib\"",
				);
				OTHER_LDFLAGS = (
					"-framework",
					ACEView,
					"-framework",
					AtoZ,
					"-framework",
					WebKit,
					"-all_load",
					"-ObjC",
				);
				PRODUCT_NAME = "$(TARGET_NAME)";
				PROVISIONING_PROFILE = "";
				WARNING_CFLAGS = "-Wno-objc-property-no-attribute";
				WRAPPER_EXTENSION = app;
			};
			name = Release;
		};
		4AE91C5614FEE08200499469 /* Debug */ = {
			isa = XCBuildConfiguration;
			buildSettings = {
				GCC_VERSION = com.apple.compilers.llvm.clang.1_0;
				PRODUCT_NAME = "Tribo Authentication Tool";
			};
			name = Debug;
		};
		4AE91C5714FEE08200499469 /* Release */ = {
			isa = XCBuildConfiguration;
			buildSettings = {
				GCC_VERSION = com.apple.compilers.llvm.clang.1_0;
				PRODUCT_NAME = "Tribo Authentication Tool";
			};
			name = Release;
		};
/* End XCBuildConfiguration section */

/* Begin XCConfigurationList section */
		4A6DC8E11430203B00CB5025 /* Build configuration list for PBXProject "Tribo" */ = {
			isa = XCConfigurationList;
			buildConfigurations = (
				4A6DC8F41430203B00CB5025 /* Debug */,
				4A6DC8F51430203B00CB5025 /* Release */,
			);
			defaultConfigurationIsVisible = 0;
			defaultConfigurationName = Release;
		};
		4A6DC8F61430203B00CB5025 /* Build configuration list for PBXNativeTarget "CLI" */ = {
			isa = XCConfigurationList;
			buildConfigurations = (
				4A6DC8F71430203B00CB5025 /* Debug */,
				4A6DC8F81430203B00CB5025 /* Release */,
			);
			defaultConfigurationIsVisible = 0;
			defaultConfigurationName = Release;
		};
		4A86963D1437BE0C00204482 /* Build configuration list for PBXNativeTarget "Tribo" */ = {
			isa = XCConfigurationList;
			buildConfigurations = (
				4A86963B1437BE0C00204482 /* Debug */,
				4A86963C1437BE0C00204482 /* Release */,
			);
			defaultConfigurationIsVisible = 0;
			defaultConfigurationName = Release;
		};
		4AE91C5814FEE08200499469 /* Build configuration list for PBXNativeTarget "Authentication Tool" */ = {
			isa = XCConfigurationList;
			buildConfigurations = (
				4AE91C5614FEE08200499469 /* Debug */,
				4AE91C5714FEE08200499469 /* Release */,
			);
			defaultConfigurationIsVisible = 0;
			defaultConfigurationName = Release;
		};
/* End XCConfigurationList section */
	};
	rootObject = 4A6DC8DE1430203B00CB5025 /* Project object */;
}
